// !$*UTF8*$!
{
	archiveVersion = 1;
	classes = {
	};
	objectVersion = 56;
	objects = {

/* Begin PBXBuildFile section */
		459B0AB5CD7180F9D286AA51 /* Pods_starving.framework in Frameworks */ = {isa = PBXBuildFile; fileRef = 127BF464D3DBE509283D5C91 /* Pods_starving.framework */; };
		A30A55622F22006000FF0A22 /* FirestoreModels.swift in Sources */ = {isa = PBXBuildFile; fileRef = A30A55612F22006000FF0A22 /* FirestoreModels.swift */; };
		A334DA702F21DCA500662A76 /* GoogleService-Info.plist in Resources */ = {isa = PBXBuildFile; fileRef = A334DA6F2F21DCA500662A76 /* GoogleService-Info.plist */; };
		A33FAB2B2D97469D002E508B /* ToolTipView.swift in Sources */ = {isa = PBXBuildFile; fileRef = A33FAB2A2D97469D002E508B /* ToolTipView.swift */; };
		A3421D2C2F1F3F9B00FA7BA1 /* FirestoreManager.swift in Sources */ = {isa = PBXBuildFile; fileRef = A3421D2B2F1F3F9B00FA7BA1 /* FirestoreManager.swift */; };
		A3421D362F1F467600FA7BA1 /* UserProfile 2.swift in Sources */ = {isa = PBXBuildFile; fileRef = A3421D352F1F467600FA7BA1 /* UserProfile 2.swift */; };
		A3421D3A2F1F63F400FA7BA1 /* ItemShareView 2.swift in Sources */ = {isa = PBXBuildFile; fileRef = A3421D392F1F63F400FA7BA1 /* ItemShareView 2.swift */; };
		A3A5CE692D48A259004FCA74 /* OnBoardingView.swift in Sources */ = {isa = PBXBuildFile; fileRef = A3A5CE682D48A258004FCA74 /* OnBoardingView.swift */; };
		A3AA41512D4464B0005BA1D8 /* starvingApp.swift in Sources */ = {isa = PBXBuildFile; fileRef = A3AA41502D4464B0005BA1D8 /* starvingApp.swift */; };
		A3AA41532D4464B0005BA1D8 /* HomeView.swift in Sources */ = {isa = PBXBuildFile; fileRef = A3AA41522D4464B0005BA1D8 /* HomeView.swift */; };
		A3AA41552D4464B2005BA1D8 /* Assets.xcassets in Resources */ = {isa = PBXBuildFile; fileRef = A3AA41542D4464B2005BA1D8 /* Assets.xcassets */; };
		A3AA41582D4464B2005BA1D8 /* Preview Assets.xcassets in Resources */ = {isa = PBXBuildFile; fileRef = A3AA41572D4464B2005BA1D8 /* Preview Assets.xcassets */; };
		A3AA41602D44654F005BA1D8 /* Item.swift in Sources */ = {isa = PBXBuildFile; fileRef = A3AA415F2D44654F005BA1D8 /* Item.swift */; };
		A3AA41622D44663B005BA1D8 /* Day.swift in Sources */ = {isa = PBXBuildFile; fileRef = A3AA41612D44663B005BA1D8 /* Day.swift */; };
		A3AA41652D446938005BA1D8 /* TodayView.swift in Sources */ = {isa = PBXBuildFile; fileRef = A3AA41642D446938005BA1D8 /* TodayView.swift */; };
		A3AA41672D44694C005BA1D8 /* ItemsView.swift in Sources */ = {isa = PBXBuildFile; fileRef = A3AA41662D44694C005BA1D8 /* ItemsView.swift */; };
		A3AA41692D446965005BA1D8 /* RemindersView.swift in Sources */ = {isa = PBXBuildFile; fileRef = A3AA41682D446965005BA1D8 /* RemindersView.swift */; };
		A3AA416B2D446A05005BA1D8 /* SettingsView.swift in Sources */ = {isa = PBXBuildFile; fileRef = A3AA416A2D446A05005BA1D8 /* SettingsView.swift */; };
		A3B01BAD2D489253005FBD51 /* AddItemView.swift in Sources */ = {isa = PBXBuildFile; fileRef = A3B01BAC2D489253005FBD51 /* AddItemView.swift */; };
		A3C18C032D795D33008C9346 /* StyleModifiers.swift in Sources */ = {isa = PBXBuildFile; fileRef = A3C18C022D795D33008C9346 /* StyleModifiers.swift */; };
		A3C595BE2D4967B700E77EF9 /* ItemRow.swift in Sources */ = {isa = PBXBuildFile; fileRef = A3C595BD2D4967B700E77EF9 /* ItemRow.swift */; };
		A3C8B3072D494EDF006D8D07 /* Tab.swift in Sources */ = {isa = PBXBuildFile; fileRef = A3C8B3062D494EDF006D8D07 /* Tab.swift */; };
		A3CD06142D48BC1B0009FAD6 /* HideBackButtonModifier.swift in Sources */ = {isa = PBXBuildFile; fileRef = A3CD06132D48BC1B0009FAD6 /* HideBackButtonModifier.swift */; };
		A3EAA2CB2E276DDF00C39B67 /* LoginView.swift in Sources */ = {isa = PBXBuildFile; fileRef = A3EAA2CA2E276DDF00C39B67 /* LoginView.swift */; };
		A3EAA2CD2E276E2400C39B67 /* AuthenticationModifier.swift in Sources */ = {isa = PBXBuildFile; fileRef = A3EAA2CC2E276E2400C39B67 /* AuthenticationModifier.swift */; };
/* End PBXBuildFile section */

/* Begin PBXContainerItemProxy section */
		A39AC2DB2F3EEB05009D0D61 /* PBXContainerItemProxy */ = {
			isa = PBXContainerItemProxy;
			containerPortal = A35E26BB2F3AE41D007C1B7F /* Pods.xcodeproj */;
			proxyType = 2;
			remoteGlobalIDString = BF96B57ADE05E8909F823BDF6868B3E3;
			remoteInfo = abseil;
		};
		A39AC2DD2F3EEB05009D0D61 /* PBXContainerItemProxy */ = {
			isa = PBXContainerItemProxy;
			containerPortal = A35E26BB2F3AE41D007C1B7F /* Pods.xcodeproj */;
			proxyType = 2;
			remoteGlobalIDString = 3A6766BF64A8C96ACC94313C935C8573;
			remoteInfo = "abseil-xcprivacy";
		};
		A39AC2DF2F3EEB05009D0D61 /* PBXContainerItemProxy */ = {
			isa = PBXContainerItemProxy;
			containerPortal = A35E26BB2F3AE41D007C1B7F /* Pods.xcodeproj */;
			proxyType = 2;
			remoteGlobalIDString = 3FD1B4C1246D643E9476438C28048FA8;
			remoteInfo = AppAuth;
		};
		A39AC2E12F3EEB05009D0D61 /* PBXContainerItemProxy */ = {
			isa = PBXContainerItemProxy;
			containerPortal = A35E26BB2F3AE41D007C1B7F /* Pods.xcodeproj */;
			proxyType = 2;
			remoteGlobalIDString = EF9852680BCD6EC8B15F622B5B92A838;
			remoteInfo = "AppAuth-AppAuthCore_Privacy";
		};
		A39AC2E32F3EEB05009D0D61 /* PBXContainerItemProxy */ = {
			isa = PBXContainerItemProxy;
			containerPortal = A35E26BB2F3AE41D007C1B7F /* Pods.xcodeproj */;
			proxyType = 2;
			remoteGlobalIDString = B46CC14F5020A277B322D80BA336BC10;
			remoteInfo = AppCheckCore;
		};
		A39AC2E52F3EEB05009D0D61 /* PBXContainerItemProxy */ = {
			isa = PBXContainerItemProxy;
			containerPortal = A35E26BB2F3AE41D007C1B7F /* Pods.xcodeproj */;
			proxyType = 2;
			remoteGlobalIDString = 514D7742C6CBB0BDBD9984AEE97DDFDE;
			remoteInfo = "BoringSSL-GRPC";
		};
		A39AC2E72F3EEB05009D0D61 /* PBXContainerItemProxy */ = {
			isa = PBXContainerItemProxy;
			containerPortal = A35E26BB2F3AE41D007C1B7F /* Pods.xcodeproj */;
			proxyType = 2;
			remoteGlobalIDString = 15B2AAC35D0FDBFDEB69A9FC675DC516;
			remoteInfo = "BoringSSL-GRPC-openssl_grpc";
		};
		A39AC2E92F3EEB05009D0D61 /* PBXContainerItemProxy */ = {
			isa = PBXContainerItemProxy;
			containerPortal = A35E26BB2F3AE41D007C1B7F /* Pods.xcodeproj */;
			proxyType = 2;
			remoteGlobalIDString = 81418C93A311F0492F62A8F88C3BD66B;
			remoteInfo = FirebaseAppCheckInterop;
		};
		A39AC2EB2F3EEB05009D0D61 /* PBXContainerItemProxy */ = {
			isa = PBXContainerItemProxy;
			containerPortal = A35E26BB2F3AE41D007C1B7F /* Pods.xcodeproj */;
			proxyType = 2;
			remoteGlobalIDString = 43B1E4CD7B30B9FD278100133C2AC788;
			remoteInfo = FirebaseAuth;
		};
		A39AC2ED2F3EEB05009D0D61 /* PBXContainerItemProxy */ = {
			isa = PBXContainerItemProxy;
			containerPortal = A35E26BB2F3AE41D007C1B7F /* Pods.xcodeproj */;
			proxyType = 2;
			remoteGlobalIDString = 75BE3742280F17326166DFF0B2AC4FAE;
			remoteInfo = "FirebaseAuth-FirebaseAuth_Privacy";
		};
		A39AC2EF2F3EEB05009D0D61 /* PBXContainerItemProxy */ = {
			isa = PBXContainerItemProxy;
			containerPortal = A35E26BB2F3AE41D007C1B7F /* Pods.xcodeproj */;
			proxyType = 2;
			remoteGlobalIDString = 09D8B108F8926BC5DC78684FF235123E;
			remoteInfo = FirebaseAuthInterop;
		};
		A39AC2F12F3EEB05009D0D61 /* PBXContainerItemProxy */ = {
			isa = PBXContainerItemProxy;
			containerPortal = A35E26BB2F3AE41D007C1B7F /* Pods.xcodeproj */;
			proxyType = 2;
			remoteGlobalIDString = E2B63D462DB7F827C4B11FD51E4F8E2D;
			remoteInfo = FirebaseCore;
		};
		A39AC2F32F3EEB05009D0D61 /* PBXContainerItemProxy */ = {
			isa = PBXContainerItemProxy;
			containerPortal = A35E26BB2F3AE41D007C1B7F /* Pods.xcodeproj */;
			proxyType = 2;
			remoteGlobalIDString = 8BB937B1C0DFFCF92F41861C2BC54DDA;
			remoteInfo = "FirebaseCore-FirebaseCore_Privacy";
		};
		A39AC2F52F3EEB05009D0D61 /* PBXContainerItemProxy */ = {
			isa = PBXContainerItemProxy;
			containerPortal = A35E26BB2F3AE41D007C1B7F /* Pods.xcodeproj */;
			proxyType = 2;
			remoteGlobalIDString = AEF1DC80F0EB62580B81D18786BAF924;
			remoteInfo = FirebaseCoreExtension;
		};
		A39AC2F72F3EEB05009D0D61 /* PBXContainerItemProxy */ = {
			isa = PBXContainerItemProxy;
			containerPortal = A35E26BB2F3AE41D007C1B7F /* Pods.xcodeproj */;
			proxyType = 2;
			remoteGlobalIDString = ECAC028550A03412C51913B85686D98B;
			remoteInfo = "FirebaseCoreExtension-FirebaseCoreExtension_Privacy";
		};
		A39AC2F92F3EEB05009D0D61 /* PBXContainerItemProxy */ = {
			isa = PBXContainerItemProxy;
			containerPortal = A35E26BB2F3AE41D007C1B7F /* Pods.xcodeproj */;
			proxyType = 2;
			remoteGlobalIDString = 148D0F9E8C7373FEAF40D800FC5F1BAA;
			remoteInfo = FirebaseCoreInternal;
		};
		A39AC2FB2F3EEB05009D0D61 /* PBXContainerItemProxy */ = {
			isa = PBXContainerItemProxy;
			containerPortal = A35E26BB2F3AE41D007C1B7F /* Pods.xcodeproj */;
			proxyType = 2;
			remoteGlobalIDString = 4DB03FD262B678178A44272143846563;
			remoteInfo = "FirebaseCoreInternal-FirebaseCoreInternal_Privacy";
		};
		A39AC2FD2F3EEB05009D0D61 /* PBXContainerItemProxy */ = {
			isa = PBXContainerItemProxy;
			containerPortal = A35E26BB2F3AE41D007C1B7F /* Pods.xcodeproj */;
			proxyType = 2;
			remoteGlobalIDString = 92000153CD73F7FC2DBAB4AB708269F3;
			remoteInfo = FirebaseFirestore;
		};
		A39AC2FF2F3EEB05009D0D61 /* PBXContainerItemProxy */ = {
			isa = PBXContainerItemProxy;
			containerPortal = A35E26BB2F3AE41D007C1B7F /* Pods.xcodeproj */;
			proxyType = 2;
			remoteGlobalIDString = B6FC6D7893981399354A5310B0C34D02;
			remoteInfo = "FirebaseFirestore-FirebaseFirestore_Privacy";
		};
		A39AC3012F3EEB05009D0D61 /* PBXContainerItemProxy */ = {
			isa = PBXContainerItemProxy;
			containerPortal = A35E26BB2F3AE41D007C1B7F /* Pods.xcodeproj */;
			proxyType = 2;
			remoteGlobalIDString = C6C0434B66B1A1EA497F81126A2C4DC6;
			remoteInfo = FirebaseFirestoreInternal;
		};
		A39AC3032F3EEB05009D0D61 /* PBXContainerItemProxy */ = {
			isa = PBXContainerItemProxy;
			containerPortal = A35E26BB2F3AE41D007C1B7F /* Pods.xcodeproj */;
			proxyType = 2;
			remoteGlobalIDString = 62B963135E1B5D0D0871A62C8DC29B85;
			remoteInfo = "FirebaseFirestoreInternal-FirebaseFirestoreInternal_Privacy";
		};
		A39AC3052F3EEB05009D0D61 /* PBXContainerItemProxy */ = {
			isa = PBXContainerItemProxy;
			containerPortal = A35E26BB2F3AE41D007C1B7F /* Pods.xcodeproj */;
			proxyType = 2;
			remoteGlobalIDString = 519172F62353C84795D05BA8A499936B;
			remoteInfo = FirebaseSharedSwift;
		};
		A39AC3072F3EEB05009D0D61 /* PBXContainerItemProxy */ = {
			isa = PBXContainerItemProxy;
			containerPortal = A35E26BB2F3AE41D007C1B7F /* Pods.xcodeproj */;
			proxyType = 2;
			remoteGlobalIDString = FD56AB51475BC5F592781EE2692D1412;
			remoteInfo = GoogleSignIn;
		};
		A39AC3092F3EEB05009D0D61 /* PBXContainerItemProxy */ = {
			isa = PBXContainerItemProxy;
			containerPortal = A35E26BB2F3AE41D007C1B7F /* Pods.xcodeproj */;
			proxyType = 2;
			remoteGlobalIDString = E5BA41B7F2E1FE47F9ABCAC27C9E4281;
			remoteInfo = "GoogleSignIn-GoogleSignIn";
		};
		A39AC30B2F3EEB05009D0D61 /* PBXContainerItemProxy */ = {
			isa = PBXContainerItemProxy;
			containerPortal = A35E26BB2F3AE41D007C1B7F /* Pods.xcodeproj */;
			proxyType = 2;
			remoteGlobalIDString = B43874C6CBB50E7134FBEC24BABFE14F;
			remoteInfo = GoogleUtilities;
		};
		A39AC30D2F3EEB05009D0D61 /* PBXContainerItemProxy */ = {
			isa = PBXContainerItemProxy;
			containerPortal = A35E26BB2F3AE41D007C1B7F /* Pods.xcodeproj */;
			proxyType = 2;
			remoteGlobalIDString = 44E291D18340EAC3F761346198515323;
			remoteInfo = "GoogleUtilities-GoogleUtilities_Privacy";
		};
		A39AC30F2F3EEB05009D0D61 /* PBXContainerItemProxy */ = {
			isa = PBXContainerItemProxy;
			containerPortal = A35E26BB2F3AE41D007C1B7F /* Pods.xcodeproj */;
			proxyType = 2;
			remoteGlobalIDString = 1911113E0FBF13CFF9132E5FF7685228;
			remoteInfo = "gRPC-C++";
		};
		A39AC3112F3EEB05009D0D61 /* PBXContainerItemProxy */ = {
			isa = PBXContainerItemProxy;
			containerPortal = A35E26BB2F3AE41D007C1B7F /* Pods.xcodeproj */;
			proxyType = 2;
			remoteGlobalIDString = 9C7C87B5D0A6752AFA2642F1BCA967A3;
			remoteInfo = "gRPC-C++-gRPCCertificates-Cpp";
		};
		A39AC3132F3EEB05009D0D61 /* PBXContainerItemProxy */ = {
			isa = PBXContainerItemProxy;
			containerPortal = A35E26BB2F3AE41D007C1B7F /* Pods.xcodeproj */;
			proxyType = 2;
			remoteGlobalIDString = 28F341633BC96126DD3A7030F0B54124;
			remoteInfo = "gRPC-C++-grpcpp";
		};
		A39AC3152F3EEB05009D0D61 /* PBXContainerItemProxy */ = {
			isa = PBXContainerItemProxy;
			containerPortal = A35E26BB2F3AE41D007C1B7F /* Pods.xcodeproj */;
			proxyType = 2;
			remoteGlobalIDString = B471867C535B02FA55D87E260F6480F8;
			remoteInfo = "gRPC-Core";
		};
		A39AC3172F3EEB05009D0D61 /* PBXContainerItemProxy */ = {
			isa = PBXContainerItemProxy;
			containerPortal = A35E26BB2F3AE41D007C1B7F /* Pods.xcodeproj */;
			proxyType = 2;
			remoteGlobalIDString = 3A6314653B568326014FEB5B7B3E6ABB;
			remoteInfo = "gRPC-Core-grpc";
		};
		A39AC3192F3EEB05009D0D61 /* PBXContainerItemProxy */ = {
			isa = PBXContainerItemProxy;
			containerPortal = A35E26BB2F3AE41D007C1B7F /* Pods.xcodeproj */;
			proxyType = 2;
			remoteGlobalIDString = 6FD122EA0AB9AB2A8FFA5F676C795DF0;
			remoteInfo = GTMAppAuth;
		};
		A39AC31B2F3EEB05009D0D61 /* PBXContainerItemProxy */ = {
			isa = PBXContainerItemProxy;
			containerPortal = A35E26BB2F3AE41D007C1B7F /* Pods.xcodeproj */;
			proxyType = 2;
			remoteGlobalIDString = DA0C8E4A1DAFC158C8B8845D021E6531;
			remoteInfo = "GTMAppAuth-GTMAppAuth_Privacy";
		};
		A39AC31D2F3EEB05009D0D61 /* PBXContainerItemProxy */ = {
			isa = PBXContainerItemProxy;
			containerPortal = A35E26BB2F3AE41D007C1B7F /* Pods.xcodeproj */;
			proxyType = 2;
			remoteGlobalIDString = C1998E0D8085221AD87F89B614C10E52;
			remoteInfo = GTMSessionFetcher;
		};
		A39AC31F2F3EEB05009D0D61 /* PBXContainerItemProxy */ = {
			isa = PBXContainerItemProxy;
			containerPortal = A35E26BB2F3AE41D007C1B7F /* Pods.xcodeproj */;
			proxyType = 2;
			remoteGlobalIDString = E826FA0DCB9AA6E7829C68391B323B78;
			remoteInfo = "GTMSessionFetcher-GTMSessionFetcher_Core_Privacy";
		};
		A39AC3212F3EEB05009D0D61 /* PBXContainerItemProxy */ = {
			isa = PBXContainerItemProxy;
			containerPortal = A35E26BB2F3AE41D007C1B7F /* Pods.xcodeproj */;
			proxyType = 2;
			remoteGlobalIDString = 0A9F46A999C47653013D3AD854352507;
			remoteInfo = "leveldb-library";
		};
		A39AC3232F3EEB05009D0D61 /* PBXContainerItemProxy */ = {
			isa = PBXContainerItemProxy;
			containerPortal = A35E26BB2F3AE41D007C1B7F /* Pods.xcodeproj */;
			proxyType = 2;
			remoteGlobalIDString = 5F8C1626C73591959F16DB1CE2536F54;
			remoteInfo = "leveldb-library-leveldb_Privacy";
		};
		A39AC3252F3EEB05009D0D61 /* PBXContainerItemProxy */ = {
			isa = PBXContainerItemProxy;
			containerPortal = A35E26BB2F3AE41D007C1B7F /* Pods.xcodeproj */;
			proxyType = 2;
			remoteGlobalIDString = 06FC5C9CF96D60C50FCD47D339C91951;
			remoteInfo = nanopb;
		};
		A39AC3272F3EEB05009D0D61 /* PBXContainerItemProxy */ = {
			isa = PBXContainerItemProxy;
			containerPortal = A35E26BB2F3AE41D007C1B7F /* Pods.xcodeproj */;
			proxyType = 2;
			remoteGlobalIDString = 3227F3FC45681D7CEE5D1355A532398A;
			remoteInfo = "nanopb-nanopb_Privacy";
		};
		A39AC3292F3EEB05009D0D61 /* PBXContainerItemProxy */ = {
			isa = PBXContainerItemProxy;
			containerPortal = A35E26BB2F3AE41D007C1B7F /* Pods.xcodeproj */;
			proxyType = 2;
			remoteGlobalIDString = 56A9E683800227706418721E14271A6F;
			remoteInfo = "Pods-starving";
		};
		A39AC32B2F3EEB05009D0D61 /* PBXContainerItemProxy */ = {
			isa = PBXContainerItemProxy;
			containerPortal = A35E26BB2F3AE41D007C1B7F /* Pods.xcodeproj */;
			proxyType = 2;
			remoteGlobalIDString = 3347A1AB6546F0A3977529B8F199DC41;
			remoteInfo = PromisesObjC;
		};
		A39AC32D2F3EEB05009D0D61 /* PBXContainerItemProxy */ = {
			isa = PBXContainerItemProxy;
			containerPortal = A35E26BB2F3AE41D007C1B7F /* Pods.xcodeproj */;
			proxyType = 2;
			remoteGlobalIDString = 3F238BB22C5201CE689CAF2F766AED95;
			remoteInfo = "PromisesObjC-FBLPromises_Privacy";
		};
		A39AC32F2F3EEB05009D0D61 /* PBXContainerItemProxy */ = {
			isa = PBXContainerItemProxy;
			containerPortal = A35E26BB2F3AE41D007C1B7F /* Pods.xcodeproj */;
			proxyType = 2;
			remoteGlobalIDString = 33D34D2210961B1CBFEC1D194B0AAB9F;
			remoteInfo = RecaptchaInterop;
		};
/* End PBXContainerItemProxy section */

/* Begin PBXFileReference section */
		127BF464D3DBE509283D5C91 /* Pods_starving.framework */ = {isa = PBXFileReference; explicitFileType = wrapper.framework; includeInIndex = 0; path = Pods_starving.framework; sourceTree = BUILT_PRODUCTS_DIR; };
		A30A55612F22006000FF0A22 /* FirestoreModels.swift */ = {isa = PBXFileReference; lastKnownFileType = sourcecode.swift; path = FirestoreModels.swift; sourceTree = "<group>"; };
		A334DA6F2F21DCA500662A76 /* GoogleService-Info.plist */ = {isa = PBXFileReference; lastKnownFileType = text.plist.xml; path = "GoogleService-Info.plist"; sourceTree = "<group>"; };
		A33FAB2A2D97469D002E508B /* ToolTipView.swift */ = {isa = PBXFileReference; lastKnownFileType = sourcecode.swift; path = ToolTipView.swift; sourceTree = "<group>"; };
		A3421D2B2F1F3F9B00FA7BA1 /* FirestoreManager.swift */ = {isa = PBXFileReference; lastKnownFileType = sourcecode.swift; path = FirestoreManager.swift; sourceTree = "<group>"; };
		A3421D352F1F467600FA7BA1 /* UserProfile 2.swift */ = {isa = PBXFileReference; lastKnownFileType = sourcecode.swift; path = "UserProfile 2.swift"; sourceTree = "<group>"; };
		A3421D392F1F63F400FA7BA1 /* ItemShareView 2.swift */ = {isa = PBXFileReference; lastKnownFileType = sourcecode.swift; path = "ItemShareView 2.swift"; sourceTree = "<group>"; };
		A35E26BB2F3AE41D007C1B7F /* Pods.xcodeproj */ = {isa = PBXFileReference; lastKnownFileType = "wrapper.pb-project"; name = Pods.xcodeproj; path = Pods/Pods.xcodeproj; sourceTree = "<group>"; };
		A3A5CE682D48A258004FCA74 /* OnBoardingView.swift */ = {isa = PBXFileReference; fileEncoding = 4; lastKnownFileType = sourcecode.swift; path = OnBoardingView.swift; sourceTree = "<group>"; };
		A3AA414D2D4464B0005BA1D8 /* starving.app */ = {isa = PBXFileReference; explicitFileType = wrapper.application; includeInIndex = 0; path = starving.app; sourceTree = BUILT_PRODUCTS_DIR; };
		A3AA41502D4464B0005BA1D8 /* starvingApp.swift */ = {isa = PBXFileReference; lastKnownFileType = sourcecode.swift; path = starvingApp.swift; sourceTree = "<group>"; };
		A3AA41522D4464B0005BA1D8 /* HomeView.swift */ = {isa = PBXFileReference; lastKnownFileType = sourcecode.swift; path = HomeView.swift; sourceTree = "<group>"; };
		A3AA41542D4464B2005BA1D8 /* Assets.xcassets */ = {isa = PBXFileReference; lastKnownFileType = folder.assetcatalog; path = Assets.xcassets; sourceTree = "<group>"; };
		A3AA41572D4464B2005BA1D8 /* Preview Assets.xcassets */ = {isa = PBXFileReference; lastKnownFileType = folder.assetcatalog; path = "Preview Assets.xcassets"; sourceTree = "<group>"; };
		A3AA415F2D44654F005BA1D8 /* Item.swift */ = {isa = PBXFileReference; lastKnownFileType = sourcecode.swift; path = Item.swift; sourceTree = "<group>"; };
		A3AA41612D44663B005BA1D8 /* Day.swift */ = {isa = PBXFileReference; lastKnownFileType = sourcecode.swift; path = Day.swift; sourceTree = "<group>"; };
		A3AA41642D446938005BA1D8 /* TodayView.swift */ = {isa = PBXFileReference; lastKnownFileType = sourcecode.swift; path = TodayView.swift; sourceTree = "<group>"; };
		A3AA41662D44694C005BA1D8 /* ItemsView.swift */ = {isa = PBXFileReference; lastKnownFileType = sourcecode.swift; path = ItemsView.swift; sourceTree = "<group>"; };
		A3AA41682D446965005BA1D8 /* RemindersView.swift */ = {isa = PBXFileReference; lastKnownFileType = sourcecode.swift; path = RemindersView.swift; sourceTree = "<group>"; };
		A3AA416A2D446A05005BA1D8 /* SettingsView.swift */ = {isa = PBXFileReference; lastKnownFileType = sourcecode.swift; path = SettingsView.swift; sourceTree = "<group>"; };
		A3B01BAC2D489253005FBD51 /* AddItemView.swift */ = {isa = PBXFileReference; lastKnownFileType = sourcecode.swift; path = AddItemView.swift; sourceTree = "<group>"; };
		A3C18C022D795D33008C9346 /* StyleModifiers.swift */ = {isa = PBXFileReference; lastKnownFileType = sourcecode.swift; path = StyleModifiers.swift; sourceTree = "<group>"; };
		A3C595BD2D4967B700E77EF9 /* ItemRow.swift */ = {isa = PBXFileReference; lastKnownFileType = sourcecode.swift; path = ItemRow.swift; sourceTree = "<group>"; };
		A3C8B3062D494EDF006D8D07 /* Tab.swift */ = {isa = PBXFileReference; lastKnownFileType = sourcecode.swift; path = Tab.swift; sourceTree = "<group>"; };
		A3CD06132D48BC1B0009FAD6 /* HideBackButtonModifier.swift */ = {isa = PBXFileReference; lastKnownFileType = sourcecode.swift; path = HideBackButtonModifier.swift; sourceTree = "<group>"; };
		A3EAA2CA2E276DDF00C39B67 /* LoginView.swift */ = {isa = PBXFileReference; lastKnownFileType = sourcecode.swift; path = LoginView.swift; sourceTree = "<group>"; };
		A3EAA2CC2E276E2400C39B67 /* AuthenticationModifier.swift */ = {isa = PBXFileReference; lastKnownFileType = sourcecode.swift; path = AuthenticationModifier.swift; sourceTree = "<group>"; };
		A3EAA2D32E27720000C39B67 /* Info.plist */ = {isa = PBXFileReference; lastKnownFileType = text.plist.xml; path = Info.plist; sourceTree = "<group>"; };
		A7F516E4E587C620AF32CB01 /* Pods-starving.release.xcconfig */ = {isa = PBXFileReference; includeInIndex = 1; lastKnownFileType = text.xcconfig; name = "Pods-starving.release.xcconfig"; path = "Target Support Files/Pods-starving/Pods-starving.release.xcconfig"; sourceTree = "<group>"; };
		C6A0740D26E5412319585BAA /* Pods-starving.debug.xcconfig */ = {isa = PBXFileReference; includeInIndex = 1; lastKnownFileType = text.xcconfig; name = "Pods-starving.debug.xcconfig"; path = "Target Support Files/Pods-starving/Pods-starving.debug.xcconfig"; sourceTree = "<group>"; };
/* End PBXFileReference section */

/* Begin PBXFrameworksBuildPhase section */
		A3AA414A2D4464B0005BA1D8 /* Frameworks */ = {
			isa = PBXFrameworksBuildPhase;
			buildActionMask = 2147483647;
			files = (
				459B0AB5CD7180F9D286AA51 /* Pods_starving.framework in Frameworks */,
			);
			runOnlyForDeploymentPostprocessing = 0;
		};
/* End PBXFrameworksBuildPhase section */

/* Begin PBXGroup section */
		2121520E1972DEFA1FC53F6D /* Frameworks */ = {
			isa = PBXGroup;
			children = (
				127BF464D3DBE509283D5C91 /* Pods_starving.framework */,
				A35E26BB2F3AE41D007C1B7F /* Pods.xcodeproj */,
			);
			name = Frameworks;
			sourceTree = "<group>";
		};
		73CA8FC3B57DC7558C87953B /* Pods */ = {
			isa = PBXGroup;
			children = (
				C6A0740D26E5412319585BAA /* Pods-starving.debug.xcconfig */,
				A7F516E4E587C620AF32CB01 /* Pods-starving.release.xcconfig */,
			);
			path = Pods;
			sourceTree = "<group>";
		};
		A39AC2AE2F3EEB05009D0D61 /* Products */ = {
			isa = PBXGroup;
			children = (
				A39AC2DC2F3EEB05009D0D61 /* absl.framework */,
				A39AC2DE2F3EEB05009D0D61 /* xcprivacy.bundle */,
				A39AC2E02F3EEB05009D0D61 /* AppAuth.framework */,
				A39AC2E22F3EEB05009D0D61 /* AppAuthCore_Privacy.bundle */,
				A39AC2E42F3EEB05009D0D61 /* AppCheckCore.framework */,
				A39AC2E62F3EEB05009D0D61 /* openssl_grpc.framework */,
				A39AC2E82F3EEB05009D0D61 /* openssl_grpc.bundle */,
				A39AC2EA2F3EEB05009D0D61 /* FirebaseAppCheckInterop.framework */,
				A39AC2EC2F3EEB05009D0D61 /* FirebaseAuth.framework */,
				A39AC2EE2F3EEB05009D0D61 /* FirebaseAuth_Privacy.bundle */,
				A39AC2F02F3EEB05009D0D61 /* FirebaseAuthInterop.framework */,
				A39AC2F22F3EEB05009D0D61 /* FirebaseCore.framework */,
				A39AC2F42F3EEB05009D0D61 /* FirebaseCore_Privacy.bundle */,
				A39AC2F62F3EEB05009D0D61 /* FirebaseCoreExtension.framework */,
				A39AC2F82F3EEB05009D0D61 /* FirebaseCoreExtension_Privacy.bundle */,
				A39AC2FA2F3EEB05009D0D61 /* FirebaseCoreInternal.framework */,
				A39AC2FC2F3EEB05009D0D61 /* FirebaseCoreInternal_Privacy.bundle */,
				A39AC2FE2F3EEB05009D0D61 /* FirebaseFirestore.framework */,
				A39AC3002F3EEB05009D0D61 /* FirebaseFirestore_Privacy.bundle */,
				A39AC3022F3EEB05009D0D61 /* FirebaseFirestoreInternal.framework */,
				A39AC3042F3EEB05009D0D61 /* FirebaseFirestoreInternal_Privacy.bundle */,
				A39AC3062F3EEB05009D0D61 /* FirebaseSharedSwift.framework */,
				A39AC3082F3EEB05009D0D61 /* GoogleSignIn.framework */,
				A39AC30A2F3EEB05009D0D61 /* GoogleSignIn.bundle */,
				A39AC30C2F3EEB05009D0D61 /* GoogleUtilities.framework */,
				A39AC30E2F3EEB05009D0D61 /* GoogleUtilities_Privacy.bundle */,
				A39AC3102F3EEB05009D0D61 /* grpcpp.framework */,
				A39AC3122F3EEB05009D0D61 /* gRPCCertificates-Cpp.bundle */,
				A39AC3142F3EEB05009D0D61 /* grpcpp.bundle */,
				A39AC3162F3EEB05009D0D61 /* grpc.framework */,
				A39AC3182F3EEB05009D0D61 /* grpc.bundle */,
				A39AC31A2F3EEB05009D0D61 /* GTMAppAuth.framework */,
				A39AC31C2F3EEB05009D0D61 /* GTMAppAuth_Privacy.bundle */,
				A39AC31E2F3EEB05009D0D61 /* GTMSessionFetcher.framework */,
				A39AC3202F3EEB05009D0D61 /* GTMSessionFetcher_Core_Privacy.bundle */,
				A39AC3222F3EEB05009D0D61 /* leveldb.framework */,
				A39AC3242F3EEB05009D0D61 /* leveldb_Privacy.bundle */,
				A39AC3262F3EEB05009D0D61 /* nanopb.framework */,
				A39AC3282F3EEB05009D0D61 /* nanopb_Privacy.bundle */,
				A39AC32A2F3EEB05009D0D61 /* Pods_starving.framework */,
				A39AC32C2F3EEB05009D0D61 /* FBLPromises.framework */,
				A39AC32E2F3EEB05009D0D61 /* FBLPromises_Privacy.bundle */,
				A39AC3302F3EEB05009D0D61 /* RecaptchaInterop.framework */,
			);
			name = Products;
			sourceTree = "<group>";
		};
		A3AA41442D4464B0005BA1D8 = {
			isa = PBXGroup;
			children = (
				A3AA414F2D4464B0005BA1D8 /* starving */,
				A3AA414E2D4464B0005BA1D8 /* Products */,
				73CA8FC3B57DC7558C87953B /* Pods */,
				2121520E1972DEFA1FC53F6D /* Frameworks */,
			);
			sourceTree = "<group>";
		};
		A3AA414E2D4464B0005BA1D8 /* Products */ = {
			isa = PBXGroup;
			children = (
				A3AA414D2D4464B0005BA1D8 /* starving.app */,
			);
			name = Products;
			sourceTree = "<group>";
		};
		A3AA414F2D4464B0005BA1D8 /* starving */ = {
			isa = PBXGroup;
			children = (
				A334DA6F2F21DCA500662A76 /* GoogleService-Info.plist */,
				A3EAA2D32E27720000C39B67 /* Info.plist */,
				A3CD06102D48BBC30009FAD6 /* Modifiers */,
				A3AA41632D446737005BA1D8 /* Views */,
				A3AA415E2D4464E9005BA1D8 /* Model */,
				A3AA41502D4464B0005BA1D8 /* starvingApp.swift */,
				A3AA41542D4464B2005BA1D8 /* Assets.xcassets */,
				A3AA41562D4464B2005BA1D8 /* Preview Content */,
			);
			path = starving;
			sourceTree = "<group>";
		};
		A3AA41562D4464B2005BA1D8 /* Preview Content */ = {
			isa = PBXGroup;
			children = (
				A3AA41572D4464B2005BA1D8 /* Preview Assets.xcassets */,
			);
			path = "Preview Content";
			sourceTree = "<group>";
		};
		A3AA415E2D4464E9005BA1D8 /* Model */ = {
			isa = PBXGroup;
			children = (
				A30A55612F22006000FF0A22 /* FirestoreModels.swift */,
				A3421D352F1F467600FA7BA1 /* UserProfile 2.swift */,
				A3421D2B2F1F3F9B00FA7BA1 /* FirestoreManager.swift */,
				A3AA415F2D44654F005BA1D8 /* Item.swift */,
				A3AA41612D44663B005BA1D8 /* Day.swift */,
				A3C18C022D795D33008C9346 /* StyleModifiers.swift */,
			);
			path = Model;
			sourceTree = "<group>";
		};
		A3AA41632D446737005BA1D8 /* Views */ = {
			isa = PBXGroup;
			children = (
				A3421D392F1F63F400FA7BA1 /* ItemShareView 2.swift */,
				A3A5CE682D48A258004FCA74 /* OnBoardingView.swift */,
				A3AA41522D4464B0005BA1D8 /* HomeView.swift */,
				A3AA41642D446938005BA1D8 /* TodayView.swift */,
				A3AA41662D44694C005BA1D8 /* ItemsView.swift */,
				A3AA41682D446965005BA1D8 /* RemindersView.swift */,
				A3AA416A2D446A05005BA1D8 /* SettingsView.swift */,
				A3B01BAC2D489253005FBD51 /* AddItemView.swift */,
				A33FAB2A2D97469D002E508B /* ToolTipView.swift */,
				A3EAA2CA2E276DDF00C39B67 /* LoginView.swift */,
			);
			path = Views;
			sourceTree = "<group>";
		};
		A3CD06102D48BBC30009FAD6 /* Modifiers */ = {
			isa = PBXGroup;
			children = (
				A3CD06132D48BC1B0009FAD6 /* HideBackButtonModifier.swift */,
				A3C8B3062D494EDF006D8D07 /* Tab.swift */,
				A3C595BD2D4967B700E77EF9 /* ItemRow.swift */,
				A3EAA2CC2E276E2400C39B67 /* AuthenticationModifier.swift */,
			);
			path = Modifiers;
			sourceTree = "<group>";
		};
/* End PBXGroup section */

/* Begin PBXNativeTarget section */
		A3AA414C2D4464B0005BA1D8 /* starving */ = {
			isa = PBXNativeTarget;
			buildConfigurationList = A3AA415B2D4464B2005BA1D8 /* Build configuration list for PBXNativeTarget "starving" */;
			buildPhases = (
				BCE4E23790ECF36CD720807E /* [CP] Check Pods Manifest.lock */,
				A3AA41492D4464B0005BA1D8 /* Sources */,
				A3AA414A2D4464B0005BA1D8 /* Frameworks */,
				A3AA414B2D4464B0005BA1D8 /* Resources */,
				63C2B2FED573DC23D674054A /* [CP] Embed Pods Frameworks */,
			);
			buildRules = (
			);
			dependencies = (
			);
			name = starving;
			productName = starving;
			productReference = A3AA414D2D4464B0005BA1D8 /* starving.app */;
			productType = "com.apple.product-type.application";
		};
/* End PBXNativeTarget section */

/* Begin PBXProject section */
		A3AA41452D4464B0005BA1D8 /* Project object */ = {
			isa = PBXProject;
			attributes = {
				BuildIndependentTargetsInParallel = 1;
				LastSwiftUpdateCheck = 1530;
				LastUpgradeCheck = 1530;
				TargetAttributes = {
					A3AA414C2D4464B0005BA1D8 = {
						CreatedOnToolsVersion = 15.3;
					};
				};
			};
			buildConfigurationList = A3AA41482D4464B0005BA1D8 /* Build configuration list for PBXProject "starving" */;
			compatibilityVersion = "Xcode 14.0";
			developmentRegion = en;
			hasScannedForEncodings = 0;
			knownRegions = (
				en,
				Base,
			);
			mainGroup = A3AA41442D4464B0005BA1D8;
			productRefGroup = A3AA414E2D4464B0005BA1D8 /* Products */;
			projectDirPath = "";
			projectReferences = (
				{
					ProductGroup = A39AC2AE2F3EEB05009D0D61 /* Products */;
					ProjectRef = A35E26BB2F3AE41D007C1B7F /* Pods.xcodeproj */;
				},
			);
			projectRoot = "";
			targets = (
				A3AA414C2D4464B0005BA1D8 /* starving */,
			);
		};
/* End PBXProject section */

/* Begin PBXReferenceProxy section */
		A39AC2DC2F3EEB05009D0D61 /* absl.framework */ = {
			isa = PBXReferenceProxy;
			fileType = wrapper.framework;
			path = absl.framework;
			remoteRef = A39AC2DB2F3EEB05009D0D61 /* PBXContainerItemProxy */;
			sourceTree = BUILT_PRODUCTS_DIR;
		};
		A39AC2DE2F3EEB05009D0D61 /* xcprivacy.bundle */ = {
			isa = PBXReferenceProxy;
			fileType = wrapper.cfbundle;
			path = xcprivacy.bundle;
			remoteRef = A39AC2DD2F3EEB05009D0D61 /* PBXContainerItemProxy */;
			sourceTree = BUILT_PRODUCTS_DIR;
		};
		A39AC2E02F3EEB05009D0D61 /* AppAuth.framework */ = {
			isa = PBXReferenceProxy;
			fileType = wrapper.framework;
			path = AppAuth.framework;
			remoteRef = A39AC2DF2F3EEB05009D0D61 /* PBXContainerItemProxy */;
			sourceTree = BUILT_PRODUCTS_DIR;
		};
		A39AC2E22F3EEB05009D0D61 /* AppAuthCore_Privacy.bundle */ = {
			isa = PBXReferenceProxy;
			fileType = wrapper.cfbundle;
			path = AppAuthCore_Privacy.bundle;
			remoteRef = A39AC2E12F3EEB05009D0D61 /* PBXContainerItemProxy */;
			sourceTree = BUILT_PRODUCTS_DIR;
		};
		A39AC2E42F3EEB05009D0D61 /* AppCheckCore.framework */ = {
			isa = PBXReferenceProxy;
			fileType = wrapper.framework;
			path = AppCheckCore.framework;
			remoteRef = A39AC2E32F3EEB05009D0D61 /* PBXContainerItemProxy */;
			sourceTree = BUILT_PRODUCTS_DIR;
		};
		A39AC2E62F3EEB05009D0D61 /* openssl_grpc.framework */ = {
			isa = PBXReferenceProxy;
			fileType = wrapper.framework;
			path = openssl_grpc.framework;
			remoteRef = A39AC2E52F3EEB05009D0D61 /* PBXContainerItemProxy */;
			sourceTree = BUILT_PRODUCTS_DIR;
		};
		A39AC2E82F3EEB05009D0D61 /* openssl_grpc.bundle */ = {
			isa = PBXReferenceProxy;
			fileType = wrapper.cfbundle;
			path = openssl_grpc.bundle;
			remoteRef = A39AC2E72F3EEB05009D0D61 /* PBXContainerItemProxy */;
			sourceTree = BUILT_PRODUCTS_DIR;
		};
		A39AC2EA2F3EEB05009D0D61 /* FirebaseAppCheckInterop.framework */ = {
			isa = PBXReferenceProxy;
			fileType = wrapper.framework;
			path = FirebaseAppCheckInterop.framework;
			remoteRef = A39AC2E92F3EEB05009D0D61 /* PBXContainerItemProxy */;
			sourceTree = BUILT_PRODUCTS_DIR;
		};
		A39AC2EC2F3EEB05009D0D61 /* FirebaseAuth.framework */ = {
			isa = PBXReferenceProxy;
			fileType = wrapper.framework;
			path = FirebaseAuth.framework;
			remoteRef = A39AC2EB2F3EEB05009D0D61 /* PBXContainerItemProxy */;
			sourceTree = BUILT_PRODUCTS_DIR;
		};
		A39AC2EE2F3EEB05009D0D61 /* FirebaseAuth_Privacy.bundle */ = {
			isa = PBXReferenceProxy;
			fileType = wrapper.cfbundle;
			path = FirebaseAuth_Privacy.bundle;
			remoteRef = A39AC2ED2F3EEB05009D0D61 /* PBXContainerItemProxy */;
			sourceTree = BUILT_PRODUCTS_DIR;
		};
		A39AC2F02F3EEB05009D0D61 /* FirebaseAuthInterop.framework */ = {
			isa = PBXReferenceProxy;
			fileType = wrapper.framework;
			path = FirebaseAuthInterop.framework;
			remoteRef = A39AC2EF2F3EEB05009D0D61 /* PBXContainerItemProxy */;
			sourceTree = BUILT_PRODUCTS_DIR;
		};
		A39AC2F22F3EEB05009D0D61 /* FirebaseCore.framework */ = {
			isa = PBXReferenceProxy;
			fileType = wrapper.framework;
			path = FirebaseCore.framework;
			remoteRef = A39AC2F12F3EEB05009D0D61 /* PBXContainerItemProxy */;
			sourceTree = BUILT_PRODUCTS_DIR;
		};
		A39AC2F42F3EEB05009D0D61 /* FirebaseCore_Privacy.bundle */ = {
			isa = PBXReferenceProxy;
			fileType = wrapper.cfbundle;
			path = FirebaseCore_Privacy.bundle;
			remoteRef = A39AC2F32F3EEB05009D0D61 /* PBXContainerItemProxy */;
			sourceTree = BUILT_PRODUCTS_DIR;
		};
		A39AC2F62F3EEB05009D0D61 /* FirebaseCoreExtension.framework */ = {
			isa = PBXReferenceProxy;
			fileType = wrapper.framework;
			path = FirebaseCoreExtension.framework;
			remoteRef = A39AC2F52F3EEB05009D0D61 /* PBXContainerItemProxy */;
			sourceTree = BUILT_PRODUCTS_DIR;
		};
		A39AC2F82F3EEB05009D0D61 /* FirebaseCoreExtension_Privacy.bundle */ = {
			isa = PBXReferenceProxy;
			fileType = wrapper.cfbundle;
			path = FirebaseCoreExtension_Privacy.bundle;
			remoteRef = A39AC2F72F3EEB05009D0D61 /* PBXContainerItemProxy */;
			sourceTree = BUILT_PRODUCTS_DIR;
		};
		A39AC2FA2F3EEB05009D0D61 /* FirebaseCoreInternal.framework */ = {
			isa = PBXReferenceProxy;
			fileType = wrapper.framework;
			path = FirebaseCoreInternal.framework;
			remoteRef = A39AC2F92F3EEB05009D0D61 /* PBXContainerItemProxy */;
			sourceTree = BUILT_PRODUCTS_DIR;
		};
		A39AC2FC2F3EEB05009D0D61 /* FirebaseCoreInternal_Privacy.bundle */ = {
			isa = PBXReferenceProxy;
			fileType = wrapper.cfbundle;
			path = FirebaseCoreInternal_Privacy.bundle;
			remoteRef = A39AC2FB2F3EEB05009D0D61 /* PBXContainerItemProxy */;
			sourceTree = BUILT_PRODUCTS_DIR;
		};
		A39AC2FE2F3EEB05009D0D61 /* FirebaseFirestore.framework */ = {
			isa = PBXReferenceProxy;
			fileType = wrapper.framework;
			path = FirebaseFirestore.framework;
			remoteRef = A39AC2FD2F3EEB05009D0D61 /* PBXContainerItemProxy */;
			sourceTree = BUILT_PRODUCTS_DIR;
		};
		A39AC3002F3EEB05009D0D61 /* FirebaseFirestore_Privacy.bundle */ = {
			isa = PBXReferenceProxy;
			fileType = wrapper.cfbundle;
			path = FirebaseFirestore_Privacy.bundle;
			remoteRef = A39AC2FF2F3EEB05009D0D61 /* PBXContainerItemProxy */;
			sourceTree = BUILT_PRODUCTS_DIR;
		};
		A39AC3022F3EEB05009D0D61 /* FirebaseFirestoreInternal.framework */ = {
			isa = PBXReferenceProxy;
			fileType = wrapper.framework;
			path = FirebaseFirestoreInternal.framework;
			remoteRef = A39AC3012F3EEB05009D0D61 /* PBXContainerItemProxy */;
			sourceTree = BUILT_PRODUCTS_DIR;
		};
		A39AC3042F3EEB05009D0D61 /* FirebaseFirestoreInternal_Privacy.bundle */ = {
			isa = PBXReferenceProxy;
			fileType = wrapper.cfbundle;
			path = FirebaseFirestoreInternal_Privacy.bundle;
			remoteRef = A39AC3032F3EEB05009D0D61 /* PBXContainerItemProxy */;
			sourceTree = BUILT_PRODUCTS_DIR;
		};
		A39AC3062F3EEB05009D0D61 /* FirebaseSharedSwift.framework */ = {
			isa = PBXReferenceProxy;
			fileType = wrapper.framework;
			path = FirebaseSharedSwift.framework;
			remoteRef = A39AC3052F3EEB05009D0D61 /* PBXContainerItemProxy */;
			sourceTree = BUILT_PRODUCTS_DIR;
		};
		A39AC3082F3EEB05009D0D61 /* GoogleSignIn.framework */ = {
			isa = PBXReferenceProxy;
			fileType = wrapper.framework;
			path = GoogleSignIn.framework;
			remoteRef = A39AC3072F3EEB05009D0D61 /* PBXContainerItemProxy */;
			sourceTree = BUILT_PRODUCTS_DIR;
		};
		A39AC30A2F3EEB05009D0D61 /* GoogleSignIn.bundle */ = {
			isa = PBXReferenceProxy;
			fileType = wrapper.cfbundle;
			path = GoogleSignIn.bundle;
			remoteRef = A39AC3092F3EEB05009D0D61 /* PBXContainerItemProxy */;
			sourceTree = BUILT_PRODUCTS_DIR;
		};
		A39AC30C2F3EEB05009D0D61 /* GoogleUtilities.framework */ = {
			isa = PBXReferenceProxy;
			fileType = wrapper.framework;
			path = GoogleUtilities.framework;
			remoteRef = A39AC30B2F3EEB05009D0D61 /* PBXContainerItemProxy */;
			sourceTree = BUILT_PRODUCTS_DIR;
		};
		A39AC30E2F3EEB05009D0D61 /* GoogleUtilities_Privacy.bundle */ = {
			isa = PBXReferenceProxy;
			fileType = wrapper.cfbundle;
			path = GoogleUtilities_Privacy.bundle;
			remoteRef = A39AC30D2F3EEB05009D0D61 /* PBXContainerItemProxy */;
			sourceTree = BUILT_PRODUCTS_DIR;
		};
		A39AC3102F3EEB05009D0D61 /* grpcpp.framework */ = {
			isa = PBXReferenceProxy;
			fileType = wrapper.framework;
			path = grpcpp.framework;
			remoteRef = A39AC30F2F3EEB05009D0D61 /* PBXContainerItemProxy */;
			sourceTree = BUILT_PRODUCTS_DIR;
		};
		A39AC3122F3EEB05009D0D61 /* gRPCCertificates-Cpp.bundle */ = {
			isa = PBXReferenceProxy;
			fileType = wrapper.cfbundle;
			path = "gRPCCertificates-Cpp.bundle";
			remoteRef = A39AC3112F3EEB05009D0D61 /* PBXContainerItemProxy */;
			sourceTree = BUILT_PRODUCTS_DIR;
		};
		A39AC3142F3EEB05009D0D61 /* grpcpp.bundle */ = {
			isa = PBXReferenceProxy;
			fileType = wrapper.cfbundle;
			path = grpcpp.bundle;
			remoteRef = A39AC3132F3EEB05009D0D61 /* PBXContainerItemProxy */;
			sourceTree = BUILT_PRODUCTS_DIR;
		};
		A39AC3162F3EEB05009D0D61 /* grpc.framework */ = {
			isa = PBXReferenceProxy;
			fileType = wrapper.framework;
			path = grpc.framework;
			remoteRef = A39AC3152F3EEB05009D0D61 /* PBXContainerItemProxy */;
			sourceTree = BUILT_PRODUCTS_DIR;
		};
		A39AC3182F3EEB05009D0D61 /* grpc.bundle */ = {
			isa = PBXReferenceProxy;
			fileType = wrapper.cfbundle;
			path = grpc.bundle;
			remoteRef = A39AC3172F3EEB05009D0D61 /* PBXContainerItemProxy */;
			sourceTree = BUILT_PRODUCTS_DIR;
		};
		A39AC31A2F3EEB05009D0D61 /* GTMAppAuth.framework */ = {
			isa = PBXReferenceProxy;
			fileType = wrapper.framework;
			path = GTMAppAuth.framework;
			remoteRef = A39AC3192F3EEB05009D0D61 /* PBXContainerItemProxy */;
			sourceTree = BUILT_PRODUCTS_DIR;
		};
		A39AC31C2F3EEB05009D0D61 /* GTMAppAuth_Privacy.bundle */ = {
			isa = PBXReferenceProxy;
			fileType = wrapper.cfbundle;
			path = GTMAppAuth_Privacy.bundle;
			remoteRef = A39AC31B2F3EEB05009D0D61 /* PBXContainerItemProxy */;
			sourceTree = BUILT_PRODUCTS_DIR;
		};
		A39AC31E2F3EEB05009D0D61 /* GTMSessionFetcher.framework */ = {
			isa = PBXReferenceProxy;
			fileType = wrapper.framework;
			path = GTMSessionFetcher.framework;
			remoteRef = A39AC31D2F3EEB05009D0D61 /* PBXContainerItemProxy */;
			sourceTree = BUILT_PRODUCTS_DIR;
		};
		A39AC3202F3EEB05009D0D61 /* GTMSessionFetcher_Core_Privacy.bundle */ = {
			isa = PBXReferenceProxy;
			fileType = wrapper.cfbundle;
			path = GTMSessionFetcher_Core_Privacy.bundle;
			remoteRef = A39AC31F2F3EEB05009D0D61 /* PBXContainerItemProxy */;
			sourceTree = BUILT_PRODUCTS_DIR;
		};
		A39AC3222F3EEB05009D0D61 /* leveldb.framework */ = {
			isa = PBXReferenceProxy;
			fileType = wrapper.framework;
			path = leveldb.framework;
			remoteRef = A39AC3212F3EEB05009D0D61 /* PBXContainerItemProxy */;
			sourceTree = BUILT_PRODUCTS_DIR;
		};
		A39AC3242F3EEB05009D0D61 /* leveldb_Privacy.bundle */ = {
			isa = PBXReferenceProxy;
			fileType = wrapper.cfbundle;
			path = leveldb_Privacy.bundle;
			remoteRef = A39AC3232F3EEB05009D0D61 /* PBXContainerItemProxy */;
			sourceTree = BUILT_PRODUCTS_DIR;
		};
		A39AC3262F3EEB05009D0D61 /* nanopb.framework */ = {
			isa = PBXReferenceProxy;
			fileType = wrapper.framework;
			path = nanopb.framework;
			remoteRef = A39AC3252F3EEB05009D0D61 /* PBXContainerItemProxy */;
			sourceTree = BUILT_PRODUCTS_DIR;
		};
		A39AC3282F3EEB05009D0D61 /* nanopb_Privacy.bundle */ = {
			isa = PBXReferenceProxy;
			fileType = wrapper.cfbundle;
			path = nanopb_Privacy.bundle;
			remoteRef = A39AC3272F3EEB05009D0D61 /* PBXContainerItemProxy */;
			sourceTree = BUILT_PRODUCTS_DIR;
		};
		A39AC32A2F3EEB05009D0D61 /* Pods_starving.framework */ = {
			isa = PBXReferenceProxy;
			fileType = wrapper.framework;
			path = Pods_starving.framework;
			remoteRef = A39AC3292F3EEB05009D0D61 /* PBXContainerItemProxy */;
			sourceTree = BUILT_PRODUCTS_DIR;
		};
		A39AC32C2F3EEB05009D0D61 /* FBLPromises.framework */ = {
			isa = PBXReferenceProxy;
			fileType = wrapper.framework;
			path = FBLPromises.framework;
			remoteRef = A39AC32B2F3EEB05009D0D61 /* PBXContainerItemProxy */;
			sourceTree = BUILT_PRODUCTS_DIR;
		};
		A39AC32E2F3EEB05009D0D61 /* FBLPromises_Privacy.bundle */ = {
			isa = PBXReferenceProxy;
			fileType = wrapper.cfbundle;
			path = FBLPromises_Privacy.bundle;
			remoteRef = A39AC32D2F3EEB05009D0D61 /* PBXContainerItemProxy */;
			sourceTree = BUILT_PRODUCTS_DIR;
		};
		A39AC3302F3EEB05009D0D61 /* RecaptchaInterop.framework */ = {
			isa = PBXReferenceProxy;
			fileType = wrapper.framework;
			path = RecaptchaInterop.framework;
			remoteRef = A39AC32F2F3EEB05009D0D61 /* PBXContainerItemProxy */;
			sourceTree = BUILT_PRODUCTS_DIR;
		};
/* End PBXReferenceProxy section */

/* Begin PBXResourcesBuildPhase section */
		A3AA414B2D4464B0005BA1D8 /* Resources */ = {
			isa = PBXResourcesBuildPhase;
			buildActionMask = 2147483647;
			files = (
				A3AA41582D4464B2005BA1D8 /* Preview Assets.xcassets in Resources */,
				A3AA41552D4464B2005BA1D8 /* Assets.xcassets in Resources */,
				A334DA702F21DCA500662A76 /* GoogleService-Info.plist in Resources */,
			);
			runOnlyForDeploymentPostprocessing = 0;
		};
/* End PBXResourcesBuildPhase section */

/* Begin PBXShellScriptBuildPhase section */
		63C2B2FED573DC23D674054A /* [CP] Embed Pods Frameworks */ = {
			isa = PBXShellScriptBuildPhase;
			buildActionMask = 2147483647;
			files = (
			);
			inputFileListPaths = (
				"${PODS_ROOT}/Target Support Files/Pods-starving/Pods-starving-frameworks-${CONFIGURATION}-input-files.xcfilelist",
			);
			inputPaths = (
			);
			name = "[CP] Embed Pods Frameworks";
			outputFileListPaths = (
				"${PODS_ROOT}/Target Support Files/Pods-starving/Pods-starving-frameworks-${CONFIGURATION}-output-files.xcfilelist",
			);
			outputPaths = (
			);
			runOnlyForDeploymentPostprocessing = 0;
			shellPath = /bin/sh;
			shellScript = "\"${PODS_ROOT}/Target Support Files/Pods-starving/Pods-starving-frameworks.sh\"\n";
			showEnvVarsInLog = 0;
		};
		BCE4E23790ECF36CD720807E /* [CP] Check Pods Manifest.lock */ = {
			isa = PBXShellScriptBuildPhase;
			buildActionMask = 2147483647;
			files = (
			);
			inputFileListPaths = (
			);
			inputPaths = (
				"${PODS_PODFILE_DIR_PATH}/Podfile.lock",
				"${PODS_ROOT}/Manifest.lock",
			);
			name = "[CP] Check Pods Manifest.lock";
			outputFileListPaths = (
			);
			outputPaths = (
				"$(DERIVED_FILE_DIR)/Pods-starving-checkManifestLockResult.txt",
			);
			runOnlyForDeploymentPostprocessing = 0;
			shellPath = /bin/sh;
			shellScript = "diff \"${PODS_PODFILE_DIR_PATH}/Podfile.lock\" \"${PODS_ROOT}/Manifest.lock\" > /dev/null\nif [ $? != 0 ] ; then\n    # print error to STDERR\n    echo \"error: The sandbox is not in sync with the Podfile.lock. Run 'pod install' or update your CocoaPods installation.\" >&2\n    exit 1\nfi\n# This output is used by Xcode 'outputs' to avoid re-running this script phase.\necho \"SUCCESS\" > \"${SCRIPT_OUTPUT_FILE_0}\"\n";
			showEnvVarsInLog = 0;
		};
/* End PBXShellScriptBuildPhase section */

/* Begin PBXSourcesBuildPhase section */
		A3AA41492D4464B0005BA1D8 /* Sources */ = {
			isa = PBXSourcesBuildPhase;
			buildActionMask = 2147483647;
			files = (
				A3AA41532D4464B0005BA1D8 /* HomeView.swift in Sources */,
				A3B01BAD2D489253005FBD51 /* AddItemView.swift in Sources */,
				A3C595BE2D4967B700E77EF9 /* ItemRow.swift in Sources */,
				A30A55622F22006000FF0A22 /* FirestoreModels.swift in Sources */,
				A3AA416B2D446A05005BA1D8 /* SettingsView.swift in Sources */,
				A3C8B3072D494EDF006D8D07 /* Tab.swift in Sources */,
				A3A5CE692D48A259004FCA74 /* OnBoardingView.swift in Sources */,
				A3421D362F1F467600FA7BA1 /* UserProfile 2.swift in Sources */,
				A3C18C032D795D33008C9346 /* StyleModifiers.swift in Sources */,
				A3421D2C2F1F3F9B00FA7BA1 /* FirestoreManager.swift in Sources */,
				A3AA41692D446965005BA1D8 /* RemindersView.swift in Sources */,
				A3421D3A2F1F63F400FA7BA1 /* ItemShareView 2.swift in Sources */,
				A3AA41672D44694C005BA1D8 /* ItemsView.swift in Sources */,
				A3AA41602D44654F005BA1D8 /* Item.swift in Sources */,
				A3AA41622D44663B005BA1D8 /* Day.swift in Sources */,
				A3CD06142D48BC1B0009FAD6 /* HideBackButtonModifier.swift in Sources */,
				A3EAA2CD2E276E2400C39B67 /* AuthenticationModifier.swift in Sources */,
				A33FAB2B2D97469D002E508B /* ToolTipView.swift in Sources */,
				A3AA41652D446938005BA1D8 /* TodayView.swift in Sources */,
				A3EAA2CB2E276DDF00C39B67 /* LoginView.swift in Sources */,
				A3AA41512D4464B0005BA1D8 /* starvingApp.swift in Sources */,
			);
			runOnlyForDeploymentPostprocessing = 0;
		};
/* End PBXSourcesBuildPhase section */

/* Begin XCBuildConfiguration section */
		A3AA41592D4464B2005BA1D8 /* Debug */ = {
			isa = XCBuildConfiguration;
			buildSettings = {
				ALWAYS_SEARCH_USER_PATHS = NO;
				ASSETCATALOG_COMPILER_GENERATE_SWIFT_ASSET_SYMBOL_EXTENSIONS = YES;
				CLANG_ANALYZER_NONNULL = YES;
				CLANG_ANALYZER_NUMBER_OBJECT_CONVERSION = YES_AGGRESSIVE;
				CLANG_CXX_LANGUAGE_STANDARD = "gnu++20";
				CLANG_ENABLE_MODULES = YES;
				CLANG_ENABLE_OBJC_ARC = YES;
				CLANG_ENABLE_OBJC_WEAK = YES;
				CLANG_WARN_BLOCK_CAPTURE_AUTORELEASING = YES;
				CLANG_WARN_BOOL_CONVERSION = YES;
				CLANG_WARN_COMMA = YES;
				CLANG_WARN_CONSTANT_CONVERSION = YES;
				CLANG_WARN_DEPRECATED_OBJC_IMPLEMENTATIONS = YES;
				CLANG_WARN_DIRECT_OBJC_ISA_USAGE = YES_ERROR;
				CLANG_WARN_DOCUMENTATION_COMMENTS = YES;
				CLANG_WARN_EMPTY_BODY = YES;
				CLANG_WARN_ENUM_CONVERSION = YES;
				CLANG_WARN_INFINITE_RECURSION = YES;
				CLANG_WARN_INT_CONVERSION = YES;
				CLANG_WARN_NON_LITERAL_NULL_CONVERSION = YES;
				CLANG_WARN_OBJC_IMPLICIT_RETAIN_SELF = YES;
				CLANG_WARN_OBJC_LITERAL_CONVERSION = YES;
				CLANG_WARN_OBJC_ROOT_CLASS = YES_ERROR;
				CLANG_WARN_QUOTED_INCLUDE_IN_FRAMEWORK_HEADER = YES;
				CLANG_WARN_RANGE_LOOP_ANALYSIS = YES;
				CLANG_WARN_STRICT_PROTOTYPES = YES;
				CLANG_WARN_SUSPICIOUS_MOVE = YES;
				CLANG_WARN_UNGUARDED_AVAILABILITY = YES_AGGRESSIVE;
				CLANG_WARN_UNREACHABLE_CODE = YES;
				CLANG_WARN__DUPLICATE_METHOD_MATCH = YES;
				COPY_PHASE_STRIP = NO;
				DEBUG_INFORMATION_FORMAT = dwarf;
				ENABLE_STRICT_OBJC_MSGSEND = YES;
				ENABLE_TESTABILITY = YES;
				ENABLE_USER_SCRIPT_SANDBOXING = NO;
				GCC_C_LANGUAGE_STANDARD = gnu17;
				GCC_DYNAMIC_NO_PIC = NO;
				GCC_NO_COMMON_BLOCKS = YES;
				GCC_OPTIMIZATION_LEVEL = 0;
				GCC_PREPROCESSOR_DEFINITIONS = (
					"DEBUG=1",
					"$(inherited)",
				);
				GCC_WARN_64_TO_32_BIT_CONVERSION = YES;
				GCC_WARN_ABOUT_RETURN_TYPE = YES_ERROR;
				GCC_WARN_UNDECLARED_SELECTOR = YES;
				GCC_WARN_UNINITIALIZED_AUTOS = YES_AGGRESSIVE;
				GCC_WARN_UNUSED_FUNCTION = YES;
				GCC_WARN_UNUSED_VARIABLE = YES;
				IPHONEOS_DEPLOYMENT_TARGET = 26.0;
				LOCALIZATION_PREFERS_STRING_CATALOGS = YES;
				MTL_ENABLE_DEBUG_INFO = INCLUDE_SOURCE;
				MTL_FAST_MATH = YES;
				ONLY_ACTIVE_ARCH = YES;
				SDKROOT = iphoneos;
				SWIFT_ACTIVE_COMPILATION_CONDITIONS = "DEBUG $(inherited)";
				SWIFT_OPTIMIZATION_LEVEL = "-Onone";
			};
			name = Debug;
		};
		A3AA415A2D4464B2005BA1D8 /* Release */ = {
			isa = XCBuildConfiguration;
			buildSettings = {
				ALWAYS_SEARCH_USER_PATHS = NO;
				ASSETCATALOG_COMPILER_GENERATE_SWIFT_ASSET_SYMBOL_EXTENSIONS = YES;
				CLANG_ANALYZER_NONNULL = YES;
				CLANG_ANALYZER_NUMBER_OBJECT_CONVERSION = YES_AGGRESSIVE;
				CLANG_CXX_LANGUAGE_STANDARD = "gnu++20";
				CLANG_ENABLE_MODULES = YES;
				CLANG_ENABLE_OBJC_ARC = YES;
				CLANG_ENABLE_OBJC_WEAK = YES;
				CLANG_WARN_BLOCK_CAPTURE_AUTORELEASING = YES;
				CLANG_WARN_BOOL_CONVERSION = YES;
				CLANG_WARN_COMMA = YES;
				CLANG_WARN_CONSTANT_CONVERSION = YES;
				CLANG_WARN_DEPRECATED_OBJC_IMPLEMENTATIONS = YES;
				CLANG_WARN_DIRECT_OBJC_ISA_USAGE = YES_ERROR;
				CLANG_WARN_DOCUMENTATION_COMMENTS = YES;
				CLANG_WARN_EMPTY_BODY = YES;
				CLANG_WARN_ENUM_CONVERSION = YES;
				CLANG_WARN_INFINITE_RECURSION = YES;
				CLANG_WARN_INT_CONVERSION = YES;
				CLANG_WARN_NON_LITERAL_NULL_CONVERSION = YES;
				CLANG_WARN_OBJC_IMPLICIT_RETAIN_SELF = YES;
				CLANG_WARN_OBJC_LITERAL_CONVERSION = YES;
				CLANG_WARN_OBJC_ROOT_CLASS = YES_ERROR;
				CLANG_WARN_QUOTED_INCLUDE_IN_FRAMEWORK_HEADER = YES;
				CLANG_WARN_RANGE_LOOP_ANALYSIS = YES;
				CLANG_WARN_STRICT_PROTOTYPES = YES;
				CLANG_WARN_SUSPICIOUS_MOVE = YES;
				CLANG_WARN_UNGUARDED_AVAILABILITY = YES_AGGRESSIVE;
				CLANG_WARN_UNREACHABLE_CODE = YES;
				CLANG_WARN__DUPLICATE_METHOD_MATCH = YES;
				COPY_PHASE_STRIP = NO;
				DEBUG_INFORMATION_FORMAT = "dwarf-with-dsym";
				ENABLE_NS_ASSERTIONS = NO;
				ENABLE_STRICT_OBJC_MSGSEND = YES;
				ENABLE_USER_SCRIPT_SANDBOXING = NO;
				GCC_C_LANGUAGE_STANDARD = gnu17;
				GCC_NO_COMMON_BLOCKS = YES;
				GCC_WARN_64_TO_32_BIT_CONVERSION = YES;
				GCC_WARN_ABOUT_RETURN_TYPE = YES_ERROR;
				GCC_WARN_UNDECLARED_SELECTOR = YES;
				GCC_WARN_UNINITIALIZED_AUTOS = YES_AGGRESSIVE;
				GCC_WARN_UNUSED_FUNCTION = YES;
				GCC_WARN_UNUSED_VARIABLE = YES;
				IPHONEOS_DEPLOYMENT_TARGET = 26.0;
				LOCALIZATION_PREFERS_STRING_CATALOGS = YES;
				MTL_ENABLE_DEBUG_INFO = NO;
				MTL_FAST_MATH = YES;
				SDKROOT = iphoneos;
				SWIFT_COMPILATION_MODE = wholemodule;
				VALIDATE_PRODUCT = YES;
			};
			name = Release;
		};
		A3AA415C2D4464B2005BA1D8 /* Debug */ = {
			isa = XCBuildConfiguration;
			baseConfigurationReference = C6A0740D26E5412319585BAA /* Pods-starving.debug.xcconfig */;
			buildSettings = {
				ASSETCATALOG_COMPILER_APPICON_NAME = AppIcon;
				ASSETCATALOG_COMPILER_GLOBAL_ACCENT_COLOR_NAME = AccentColor;
				ASSETCATALOG_COMPILER_INCLUDE_ALL_APPICON_ASSETS = NO;
				CODE_SIGN_ENTITLEMENTS = starving/starving.entitlements;
				CODE_SIGN_STYLE = Automatic;
				CURRENT_PROJECT_VERSION = 14.2;
				DEVELOPMENT_ASSET_PATHS = "\"starving/Preview Content\"";
				DEVELOPMENT_TEAM = F26L3GH72M;
				ENABLE_PREVIEWS = YES;
				GENERATE_INFOPLIST_FILE = NO;
				INFOPLIST_FILE = starving/Info.plist;
				IPHONEOS_DEPLOYMENT_TARGET = 26.0;
				LD_RUNPATH_SEARCH_PATHS = (
					"$(inherited)",
					"@executable_path/Frameworks",
				);
				MARKETING_VERSION = 2.5;
				PRODUCT_BUNDLE_IDENTIFIER = com.hvaandres.starving;
				PRODUCT_NAME = "$(TARGET_NAME)";
				SUPPORTED_PLATFORMS = "iphoneos iphonesimulator";
				SUPPORTS_MACCATALYST = NO;
				SUPPORTS_MAC_DESIGNED_FOR_IPHONE_IPAD = NO;
				SUPPORTS_XR_DESIGNED_FOR_IPHONE_IPAD = NO;
				SWIFT_EMIT_LOC_STRINGS = YES;
				SWIFT_VERSION = 5.0;
				TARGETED_DEVICE_FAMILY = 1;
			};
			name = Debug;
		};
		A3AA415D2D4464B2005BA1D8 /* Release */ = {
			isa = XCBuildConfiguration;
			baseConfigurationReference = A7F516E4E587C620AF32CB01 /* Pods-starving.release.xcconfig */;
			buildSettings = {
				ASSETCATALOG_COMPILER_APPICON_NAME = AppIcon;
				ASSETCATALOG_COMPILER_GLOBAL_ACCENT_COLOR_NAME = AccentColor;
				ASSETCATALOG_COMPILER_INCLUDE_ALL_APPICON_ASSETS = NO;
				CODE_SIGN_ENTITLEMENTS = starving/starving.entitlements;
				CODE_SIGN_STYLE = Automatic;
				CURRENT_PROJECT_VERSION = 14.2;
				DEVELOPMENT_ASSET_PATHS = "\"starving/Preview Content\"";
				DEVELOPMENT_TEAM = F26L3GH72M;
				ENABLE_PREVIEWS = YES;
				GENERATE_INFOPLIST_FILE = NO;
				INFOPLIST_FILE = starving/Info.plist;
				IPHONEOS_DEPLOYMENT_TARGET = 26.0;
				LD_RUNPATH_SEARCH_PATHS = (
					"$(inherited)",
					"@executable_path/Frameworks",
				);
				MARKETING_VERSION = 2.5;
				PRODUCT_BUNDLE_IDENTIFIER = com.hvaandres.starving;
				PRODUCT_NAME = "$(TARGET_NAME)";
				SUPPORTED_PLATFORMS = "iphoneos iphonesimulator";
				SUPPORTS_MACCATALYST = NO;
				SUPPORTS_MAC_DESIGNED_FOR_IPHONE_IPAD = NO;
				SUPPORTS_XR_DESIGNED_FOR_IPHONE_IPAD = NO;
				SWIFT_EMIT_LOC_STRINGS = YES;
				SWIFT_VERSION = 5.0;
				TARGETED_DEVICE_FAMILY = 1;
			};
			name = Release;
		};
/* End XCBuildConfiguration section */

/* Begin XCConfigurationList section */
		A3AA41482D4464B0005BA1D8 /* Build configuration list for PBXProject "starving" */ = {
			isa = XCConfigurationList;
			buildConfigurations = (
				A3AA41592D4464B2005BA1D8 /* Debug */,
				A3AA415A2D4464B2005BA1D8 /* Release */,
			);
			defaultConfigurationIsVisible = 0;
			defaultConfigurationName = Release;
		};
		A3AA415B2D4464B2005BA1D8 /* Build configuration list for PBXNativeTarget "starving" */ = {
			isa = XCConfigurationList;
			buildConfigurations = (
				A3AA415C2D4464B2005BA1D8 /* Debug */,
				A3AA415D2D4464B2005BA1D8 /* Release */,
			);
			defaultConfigurationIsVisible = 0;
			defaultConfigurationName = Release;
		};
/* End XCConfigurationList section */
	};
	rootObject = A3AA41452D4464B0005BA1D8 /* Project object */;
}
