// !$*UTF8*$!
{
	archiveVersion = 1;
	classes = {
	};
	objectVersion = 56;
	objects = {

/* Begin PBXBuildFile section */
		459B0AB5CD7180F9D286AA51 /* Pods_starving.framework in Frameworks */ = {isa = PBXBuildFile; fileRef = 127BF464D3DBE509283D5C91 /* Pods_starving.framework */; };
		A334DA702F21DCA500662A76 /* GoogleService-Info.plist in Resources */ = {isa = PBXBuildFile; fileRef = A334DA6F2F21DCA500662A76 /* GoogleService-Info.plist */; };
		A33FAB2B2D97469D002E508B /* ToolTipView.swift in Sources */ = {isa = PBXBuildFile; fileRef = A33FAB2A2D97469D002E508B /* ToolTipView.swift */; };
		A3421D2C2F1F3F9B00FA7BA1 /* FirestoreManager.swift in Sources */ = {isa = PBXBuildFile; fileRef = A3421D2B2F1F3F9B00FA7BA1 /* FirestoreManager.swift */; };
		A3421D342F1F466100FA7BA1 /* FirestoreModels 2.swift in Sources */ = {isa = PBXBuildFile; fileRef = A3421D332F1F466100FA7BA1 /* FirestoreModels 2.swift */; };
		A3421D362F1F467600FA7BA1 /* UserProfile 2.swift in Sources */ = {isa = PBXBuildFile; fileRef = A3421D352F1F467600FA7BA1 /* UserProfile 2.swift */; };
		A3421D3A2F1F63F400FA7BA1 /* ItemShareView 2.swift in Sources */ = {isa = PBXBuildFile; fileRef = A3421D392F1F63F400FA7BA1 /* ItemShareView 2.swift */; };
		A3A5CE692D48A259004FCA74 /* OnBoardingView.swift in Sources */ = {isa = PBXBuildFile; fileRef = A3A5CE682D48A258004FCA74 /* OnBoardingView.swift */; };
		A3AA41512D4464B0005BA1D8 /* starvingApp.swift in Sources */ = {isa = PBXBuildFile; fileRef = A3AA41502D4464B0005BA1D8 /* starvingApp.swift */; };
		A3AA41532D4464B0005BA1D8 /* HomeView.swift in Sources */ = {isa = PBXBuildFile; fileRef = A3AA41522D4464B0005BA1D8 /* HomeView.swift */; };
		A3AA41552D4464B2005BA1D8 /* Assets.xcassets in Resources */ = {isa = PBXBuildFile; fileRef = A3AA41542D4464B2005BA1D8 /* Assets.xcassets */; };
		A3AA41582D4464B2005BA1D8 /* Preview Assets.xcassets in Resources */ = {isa = PBXBuildFile; fileRef = A3AA41572D4464B2005BA1D8 /* Preview Assets.xcassets */; };
		A3AA41602D44654F005BA1D8 /* Item.swift in Sources */ = {isa = PBXBuildFile; fileRef = A3AA415F2D44654F005BA1D8 /* Item.swift */; };
		A3AA41622D44663B005BA1D8 /* Day.swift in Sources */ = {isa = PBXBuildFile; fileRef = A3AA41612D44663B005BA1D8 /* Day.swift */; };
		A3AA41652D446938005BA1D8 /* TodayView.swift in Sources */ = {isa = PBXBuildFile; fileRef = A3AA41642D446938005BA1D8 /* TodayView.swift */; };
		A3AA41672D44694C005BA1D8 /* ItemsView.swift in Sources */ = {isa = PBXBuildFile; fileRef = A3AA41662D44694C005BA1D8 /* ItemsView.swift */; };
		A3AA41692D446965005BA1D8 /* RemindersView.swift in Sources */ = {isa = PBXBuildFile; fileRef = A3AA41682D446965005BA1D8 /* RemindersView.swift */; };
		A3AA416B2D446A05005BA1D8 /* SettingsView.swift in Sources */ = {isa = PBXBuildFile; fileRef = A3AA416A2D446A05005BA1D8 /* SettingsView.swift */; };
		A3B01BAD2D489253005FBD51 /* AddItemView.swift in Sources */ = {isa = PBXBuildFile; fileRef = A3B01BAC2D489253005FBD51 /* AddItemView.swift */; };
		A3C18C032D795D33008C9346 /* StyleModifiers.swift in Sources */ = {isa = PBXBuildFile; fileRef = A3C18C022D795D33008C9346 /* StyleModifiers.swift */; };
		A3C595BE2D4967B700E77EF9 /* ItemRow.swift in Sources */ = {isa = PBXBuildFile; fileRef = A3C595BD2D4967B700E77EF9 /* ItemRow.swift */; };
		A3C8B3072D494EDF006D8D07 /* Tab.swift in Sources */ = {isa = PBXBuildFile; fileRef = A3C8B3062D494EDF006D8D07 /* Tab.swift */; };
		A3CD06142D48BC1B0009FAD6 /* HideBackButtonModifier.swift in Sources */ = {isa = PBXBuildFile; fileRef = A3CD06132D48BC1B0009FAD6 /* HideBackButtonModifier.swift */; };
		A3EAA2CB2E276DDF00C39B67 /* LoginView.swift in Sources */ = {isa = PBXBuildFile; fileRef = A3EAA2CA2E276DDF00C39B67 /* LoginView.swift */; };
		A3EAA2CD2E276E2400C39B67 /* AuthenticationModifier.swift in Sources */ = {isa = PBXBuildFile; fileRef = A3EAA2CC2E276E2400C39B67 /* AuthenticationModifier.swift */; };
/* End PBXBuildFile section */

/* Begin PBXFileReference section */
		127BF464D3DBE509283D5C91 /* Pods_starving.framework */ = {isa = PBXFileReference; explicitFileType = wrapper.framework; includeInIndex = 0; path = Pods_starving.framework; sourceTree = BUILT_PRODUCTS_DIR; };
		A334DA6F2F21DCA500662A76 /* GoogleService-Info.plist */ = {isa = PBXFileReference; lastKnownFileType = text.plist.xml; name = "GoogleService-Info.plist"; path = "/Users/alanharo/Downloads/GoogleService-Info.plist"; sourceTree = "<absolute>"; };
		A33FAB2A2D97469D002E508B /* ToolTipView.swift */ = {isa = PBXFileReference; lastKnownFileType = sourcecode.swift; path = ToolTipView.swift; sourceTree = "<group>"; };
		A3421D2B2F1F3F9B00FA7BA1 /* FirestoreManager.swift */ = {isa = PBXFileReference; lastKnownFileType = sourcecode.swift; path = FirestoreManager.swift; sourceTree = "<group>"; };
		A3421D332F1F466100FA7BA1 /* FirestoreModels 2.swift */ = {isa = PBXFileReference; lastKnownFileType = sourcecode.swift; path = "FirestoreModels 2.swift"; sourceTree = "<group>"; };
		A3421D352F1F467600FA7BA1 /* UserProfile 2.swift */ = {isa = PBXFileReference; lastKnownFileType = sourcecode.swift; path = "UserProfile 2.swift"; sourceTree = "<group>"; };
		A3421D392F1F63F400FA7BA1 /* ItemShareView 2.swift */ = {isa = PBXFileReference; lastKnownFileType = sourcecode.swift; path = "ItemShareView 2.swift"; sourceTree = "<group>"; };
		A3A5CE682D48A258004FCA74 /* OnBoardingView.swift */ = {isa = PBXFileReference; fileEncoding = 4; lastKnownFileType = sourcecode.swift; path = OnBoardingView.swift; sourceTree = "<group>"; };
		A3AA414D2D4464B0005BA1D8 /* starving.app */ = {isa = PBXFileReference; explicitFileType = wrapper.application; includeInIndex = 0; path = starving.app; sourceTree = BUILT_PRODUCTS_DIR; };
		A3AA41502D4464B0005BA1D8 /* starvingApp.swift */ = {isa = PBXFileReference; lastKnownFileType = sourcecode.swift; path = starvingApp.swift; sourceTree = "<group>"; };
		A3AA41522D4464B0005BA1D8 /* HomeView.swift */ = {isa = PBXFileReference; lastKnownFileType = sourcecode.swift; path = HomeView.swift; sourceTree = "<group>"; };
		A3AA41542D4464B2005BA1D8 /* Assets.xcassets */ = {isa = PBXFileReference; lastKnownFileType = folder.assetcatalog; path = Assets.xcassets; sourceTree = "<group>"; };
		A3AA41572D4464B2005BA1D8 /* Preview Assets.xcassets */ = {isa = PBXFileReference; lastKnownFileType = folder.assetcatalog; path = "Preview Assets.xcassets"; sourceTree = "<group>"; };
		A3AA415F2D44654F005BA1D8 /* Item.swift */ = {isa = PBXFileReference; lastKnownFileType = sourcecode.swift; path = Item.swift; sourceTree = "<group>"; };
		A3AA41612D44663B005BA1D8 /* Day.swift */ = {isa = PBXFileReference; lastKnownFileType = sourcecode.swift; path = Day.swift; sourceTree = "<group>"; };
		A3AA41642D446938005BA1D8 /* TodayView.swift */ = {isa = PBXFileReference; lastKnownFileType = sourcecode.swift; path = TodayView.swift; sourceTree = "<group>"; };
		A3AA41662D44694C005BA1D8 /* ItemsView.swift */ = {isa = PBXFileReference; lastKnownFileType = sourcecode.swift; path = ItemsView.swift; sourceTree = "<group>"; };
		A3AA41682D446965005BA1D8 /* RemindersView.swift */ = {isa = PBXFileReference; lastKnownFileType = sourcecode.swift; path = RemindersView.swift; sourceTree = "<group>"; };
		A3AA416A2D446A05005BA1D8 /* SettingsView.swift */ = {isa = PBXFileReference; lastKnownFileType = sourcecode.swift; path = SettingsView.swift; sourceTree = "<group>"; };
		A3B01BAC2D489253005FBD51 /* AddItemView.swift */ = {isa = PBXFileReference; lastKnownFileType = sourcecode.swift; path = AddItemView.swift; sourceTree = "<group>"; };
		A3C18C022D795D33008C9346 /* StyleModifiers.swift */ = {isa = PBXFileReference; lastKnownFileType = sourcecode.swift; path = StyleModifiers.swift; sourceTree = "<group>"; };
		A3C595BD2D4967B700E77EF9 /* ItemRow.swift */ = {isa = PBXFileReference; lastKnownFileType = sourcecode.swift; path = ItemRow.swift; sourceTree = "<group>"; };
		A3C8B3062D494EDF006D8D07 /* Tab.swift */ = {isa = PBXFileReference; lastKnownFileType = sourcecode.swift; path = Tab.swift; sourceTree = "<group>"; };
		A3CD06132D48BC1B0009FAD6 /* HideBackButtonModifier.swift */ = {isa = PBXFileReference; lastKnownFileType = sourcecode.swift; path = HideBackButtonModifier.swift; sourceTree = "<group>"; };
		A3EAA2CA2E276DDF00C39B67 /* LoginView.swift */ = {isa = PBXFileReference; lastKnownFileType = sourcecode.swift; path = LoginView.swift; sourceTree = "<group>"; };
		A3EAA2CC2E276E2400C39B67 /* AuthenticationModifier.swift */ = {isa = PBXFileReference; lastKnownFileType = sourcecode.swift; path = AuthenticationModifier.swift; sourceTree = "<group>"; };
		A3EAA2D32E27720000C39B67 /* Info.plist */ = {isa = PBXFileReference; lastKnownFileType = text.plist.xml; path = Info.plist; sourceTree = "<group>"; };
		A7F516E4E587C620AF32CB01 /* Pods-starving.release.xcconfig */ = {isa = PBXFileReference; includeInIndex = 1; lastKnownFileType = text.xcconfig; name = "Pods-starving.release.xcconfig"; path = "Target Support Files/Pods-starving/Pods-starving.release.xcconfig"; sourceTree = "<group>"; };
		C6A0740D26E5412319585BAA /* Pods-starving.debug.xcconfig */ = {isa = PBXFileReference; includeInIndex = 1; lastKnownFileType = text.xcconfig; name = "Pods-starving.debug.xcconfig"; path = "Target Support Files/Pods-starving/Pods-starving.debug.xcconfig"; sourceTree = "<group>"; };
/* End PBXFileReference section */

/* Begin PBXFrameworksBuildPhase section */
		A3AA414A2D4464B0005BA1D8 /* Frameworks */ = {
			isa = PBXFrameworksBuildPhase;
			buildActionMask = 2147483647;
			files = (
				459B0AB5CD7180F9D286AA51 /* Pods_starving.framework in Frameworks */,
			);
			runOnlyForDeploymentPostprocessing = 0;
		};
/* End PBXFrameworksBuildPhase section */

/* Begin PBXGroup section */
		2121520E1972DEFA1FC53F6D /* Frameworks */ = {
			isa = PBXGroup;
			children = (
				127BF464D3DBE509283D5C91 /* Pods_starving.framework */,
			);
			name = Frameworks;
			sourceTree = "<group>";
		};
		73CA8FC3B57DC7558C87953B /* Pods */ = {
			isa = PBXGroup;
			children = (
				C6A0740D26E5412319585BAA /* Pods-starving.debug.xcconfig */,
				A7F516E4E587C620AF32CB01 /* Pods-starving.release.xcconfig */,
			);
			path = Pods;
			sourceTree = "<group>";
		};
		A3AA41442D4464B0005BA1D8 = {
			isa = PBXGroup;
			children = (
				A3AA414F2D4464B0005BA1D8 /* starving */,
				A3AA414E2D4464B0005BA1D8 /* Products */,
				73CA8FC3B57DC7558C87953B /* Pods */,
				2121520E1972DEFA1FC53F6D /* Frameworks */,
			);
			sourceTree = "<group>";
		};
		A3AA414E2D4464B0005BA1D8 /* Products */ = {
			isa = PBXGroup;
			children = (
				A3AA414D2D4464B0005BA1D8 /* starving.app */,
			);
			name = Products;
			sourceTree = "<group>";
		};
		A3AA414F2D4464B0005BA1D8 /* starving */ = {
			isa = PBXGroup;
			children = (
				A3EAA2D32E27720000C39B67 /* Info.plist */,
				A334DA6F2F21DCA500662A76 /* GoogleService-Info.plist */,
				A3CD06102D48BBC30009FAD6 /* Modifiers */,
				A3AA41632D446737005BA1D8 /* Views */,
				A3AA415E2D4464E9005BA1D8 /* Model */,
				A3AA41502D4464B0005BA1D8 /* starvingApp.swift */,
				A3AA41542D4464B2005BA1D8 /* Assets.xcassets */,
				A3AA41562D4464B2005BA1D8 /* Preview Content */,
			);
			path = starving;
			sourceTree = "<group>";
		};
		A3AA41562D4464B2005BA1D8 /* Preview Content */ = {
			isa = PBXGroup;
			children = (
				A3AA41572D4464B2005BA1D8 /* Preview Assets.xcassets */,
			);
			path = "Preview Content";
			sourceTree = "<group>";
		};
		A3AA415E2D4464E9005BA1D8 /* Model */ = {
			isa = PBXGroup;
			children = (
				A3421D352F1F467600FA7BA1 /* UserProfile 2.swift */,
				A3421D332F1F466100FA7BA1 /* FirestoreModels 2.swift */,
				A3421D2B2F1F3F9B00FA7BA1 /* FirestoreManager.swift */,
				A3AA415F2D44654F005BA1D8 /* Item.swift */,
				A3AA41612D44663B005BA1D8 /* Day.swift */,
				A3C18C022D795D33008C9346 /* StyleModifiers.swift */,
			);
			path = Model;
			sourceTree = "<group>";
		};
		A3AA41632D446737005BA1D8 /* Views */ = {
			isa = PBXGroup;
			children = (
				A3421D392F1F63F400FA7BA1 /* ItemShareView 2.swift */,
				A3A5CE682D48A258004FCA74 /* OnBoardingView.swift */,
				A3AA41522D4464B0005BA1D8 /* HomeView.swift */,
				A3AA41642D446938005BA1D8 /* TodayView.swift */,
				A3AA41662D44694C005BA1D8 /* ItemsView.swift */,
				A3AA41682D446965005BA1D8 /* RemindersView.swift */,
				A3AA416A2D446A05005BA1D8 /* SettingsView.swift */,
				A3B01BAC2D489253005FBD51 /* AddItemView.swift */,
				A33FAB2A2D97469D002E508B /* ToolTipView.swift */,
				A3EAA2CA2E276DDF00C39B67 /* LoginView.swift */,
			);
			path = Views;
			sourceTree = "<group>";
		};
		A3CD06102D48BBC30009FAD6 /* Modifiers */ = {
			isa = PBXGroup;
			children = (
				A3CD06132D48BC1B0009FAD6 /* HideBackButtonModifier.swift */,
				A3C8B3062D494EDF006D8D07 /* Tab.swift */,
				A3C595BD2D4967B700E77EF9 /* ItemRow.swift */,
				A3EAA2CC2E276E2400C39B67 /* AuthenticationModifier.swift */,
			);
			path = Modifiers;
			sourceTree = "<group>";
		};
/* End PBXGroup section */

/* Begin PBXNativeTarget section */
		A3AA414C2D4464B0005BA1D8 /* starving */ = {
			isa = PBXNativeTarget;
			buildConfigurationList = A3AA415B2D4464B2005BA1D8 /* Build configuration list for PBXNativeTarget "starving" */;
			buildPhases = (
				BCE4E23790ECF36CD720807E /* [CP] Check Pods Manifest.lock */,
				A3AA41492D4464B0005BA1D8 /* Sources */,
				A3AA414A2D4464B0005BA1D8 /* Frameworks */,
				A3AA414B2D4464B0005BA1D8 /* Resources */,
				63C2B2FED573DC23D674054A /* [CP] Embed Pods Frameworks */,
			);
			buildRules = (
			);
			dependencies = (
			);
			name = starving;
			productName = starving;
			productReference = A3AA414D2D4464B0005BA1D8 /* starving.app */;
			productType = "com.apple.product-type.application";
		};
/* End PBXNativeTarget section */

/* Begin PBXProject section */
		A3AA41452D4464B0005BA1D8 /* Project object */ = {
			isa = PBXProject;
			attributes = {
				BuildIndependentTargetsInParallel = 1;
				LastSwiftUpdateCheck = 1530;
				LastUpgradeCheck = 1530;
				TargetAttributes = {
					A3AA414C2D4464B0005BA1D8 = {
						CreatedOnToolsVersion = 15.3;
					};
				};
			};
			buildConfigurationList = A3AA41482D4464B0005BA1D8 /* Build configuration list for PBXProject "starving" */;
			compatibilityVersion = "Xcode 14.0";
			developmentRegion = en;
			hasScannedForEncodings = 0;
			knownRegions = (
				en,
				Base,
			);
			mainGroup = A3AA41442D4464B0005BA1D8;
			productRefGroup = A3AA414E2D4464B0005BA1D8 /* Products */;
			projectDirPath = "";
			projectRoot = "";
			targets = (
				A3AA414C2D4464B0005BA1D8 /* starving */,
			);
		};
/* End PBXProject section */

/* Begin PBXResourcesBuildPhase section */
		A3AA414B2D4464B0005BA1D8 /* Resources */ = {
			isa = PBXResourcesBuildPhase;
			buildActionMask = 2147483647;
			files = (
				A3AA41582D4464B2005BA1D8 /* Preview Assets.xcassets in Resources */,
				A3AA41552D4464B2005BA1D8 /* Assets.xcassets in Resources */,
				A334DA702F21DCA500662A76 /* GoogleService-Info.plist in Resources */,
			);
			runOnlyForDeploymentPostprocessing = 0;
		};
/* End PBXResourcesBuildPhase section */

/* Begin PBXShellScriptBuildPhase section */
		63C2B2FED573DC23D674054A /* [CP] Embed Pods Frameworks */ = {
			isa = PBXShellScriptBuildPhase;
			buildActionMask = 2147483647;
			files = (
			);
			inputFileListPaths = (
				"${PODS_ROOT}/Target Support Files/Pods-starving/Pods-starving-frameworks-${CONFIGURATION}-input-files.xcfilelist",
			);
			inputPaths = (
			);
			name = "[CP] Embed Pods Frameworks";
			outputFileListPaths = (
				"${PODS_ROOT}/Target Support Files/Pods-starving/Pods-starving-frameworks-${CONFIGURATION}-output-files.xcfilelist",
			);
			outputPaths = (
			);
			runOnlyForDeploymentPostprocessing = 0;
			shellPath = /bin/sh;
			shellScript = "\"${PODS_ROOT}/Target Support Files/Pods-starving/Pods-starving-frameworks.sh\"\n";
			showEnvVarsInLog = 0;
		};
		BCE4E23790ECF36CD720807E /* [CP] Check Pods Manifest.lock */ = {
			isa = PBXShellScriptBuildPhase;
			buildActionMask = 2147483647;
			files = (
			);
			inputFileListPaths = (
			);
			inputPaths = (
				"${PODS_PODFILE_DIR_PATH}/Podfile.lock",
				"${PODS_ROOT}/Manifest.lock",
			);
			name = "[CP] Check Pods Manifest.lock";
			outputFileListPaths = (
			);
			outputPaths = (
				"$(DERIVED_FILE_DIR)/Pods-starving-checkManifestLockResult.txt",
			);
			runOnlyForDeploymentPostprocessing = 0;
			shellPath = /bin/sh;
			shellScript = "diff \"${PODS_PODFILE_DIR_PATH}/Podfile.lock\" \"${PODS_ROOT}/Manifest.lock\" > /dev/null\nif [ $? != 0 ] ; then\n    # print error to STDERR\n    echo \"error: The sandbox is not in sync with the Podfile.lock. Run 'pod install' or update your CocoaPods installation.\" >&2\n    exit 1\nfi\n# This output is used by Xcode 'outputs' to avoid re-running this script phase.\necho \"SUCCESS\" > \"${SCRIPT_OUTPUT_FILE_0}\"\n";
			showEnvVarsInLog = 0;
		};
/* End PBXShellScriptBuildPhase section */

/* Begin PBXSourcesBuildPhase section */
		A3AA41492D4464B0005BA1D8 /* Sources */ = {
			isa = PBXSourcesBuildPhase;
			buildActionMask = 2147483647;
			files = (
				A3AA41532D4464B0005BA1D8 /* HomeView.swift in Sources */,
				A3B01BAD2D489253005FBD51 /* AddItemView.swift in Sources */,
				A3C595BE2D4967B700E77EF9 /* ItemRow.swift in Sources */,
				A3AA416B2D446A05005BA1D8 /* SettingsView.swift in Sources */,
				A3C8B3072D494EDF006D8D07 /* Tab.swift in Sources */,
				A3A5CE692D48A259004FCA74 /* OnBoardingView.swift in Sources */,
				A3421D362F1F467600FA7BA1 /* UserProfile 2.swift in Sources */,
				A3C18C032D795D33008C9346 /* StyleModifiers.swift in Sources */,
				A3421D2C2F1F3F9B00FA7BA1 /* FirestoreManager.swift in Sources */,
				A3AA41692D446965005BA1D8 /* RemindersView.swift in Sources */,
				A3421D3A2F1F63F400FA7BA1 /* ItemShareView 2.swift in Sources */,
				A3AA41672D44694C005BA1D8 /* ItemsView.swift in Sources */,
				A3AA41602D44654F005BA1D8 /* Item.swift in Sources */,
				A3AA41622D44663B005BA1D8 /* Day.swift in Sources */,
				A3CD06142D48BC1B0009FAD6 /* HideBackButtonModifier.swift in Sources */,
				A3EAA2CD2E276E2400C39B67 /* AuthenticationModifier.swift in Sources */,
				A33FAB2B2D97469D002E508B /* ToolTipView.swift in Sources */,
				A3AA41652D446938005BA1D8 /* TodayView.swift in Sources */,
				A3EAA2CB2E276DDF00C39B67 /* LoginView.swift in Sources */,
				A3AA41512D4464B0005BA1D8 /* starvingApp.swift in Sources */,
				A3421D342F1F466100FA7BA1 /* FirestoreModels 2.swift in Sources */,
			);
			runOnlyForDeploymentPostprocessing = 0;
		};
/* End PBXSourcesBuildPhase section */

/* Begin XCBuildConfiguration section */
		A3AA41592D4464B2005BA1D8 /* Debug */ = {
			isa = XCBuildConfiguration;
			buildSettings = {
				ALWAYS_SEARCH_USER_PATHS = NO;
				ASSETCATALOG_COMPILER_GENERATE_SWIFT_ASSET_SYMBOL_EXTENSIONS = YES;
				CLANG_ANALYZER_NONNULL = YES;
				CLANG_ANALYZER_NUMBER_OBJECT_CONVERSION = YES_AGGRESSIVE;
				CLANG_CXX_LANGUAGE_STANDARD = "gnu++20";
				CLANG_ENABLE_MODULES = YES;
				CLANG_ENABLE_OBJC_ARC = YES;
				CLANG_ENABLE_OBJC_WEAK = YES;
				CLANG_WARN_BLOCK_CAPTURE_AUTORELEASING = YES;
				CLANG_WARN_BOOL_CONVERSION = YES;
				CLANG_WARN_COMMA = YES;
				CLANG_WARN_CONSTANT_CONVERSION = YES;
				CLANG_WARN_DEPRECATED_OBJC_IMPLEMENTATIONS = YES;
				CLANG_WARN_DIRECT_OBJC_ISA_USAGE = YES_ERROR;
				CLANG_WARN_DOCUMENTATION_COMMENTS = YES;
				CLANG_WARN_EMPTY_BODY = YES;
				CLANG_WARN_ENUM_CONVERSION = YES;
				CLANG_WARN_INFINITE_RECURSION = YES;
				CLANG_WARN_INT_CONVERSION = YES;
				CLANG_WARN_NON_LITERAL_NULL_CONVERSION = YES;
				CLANG_WARN_OBJC_IMPLICIT_RETAIN_SELF = YES;
				CLANG_WARN_OBJC_LITERAL_CONVERSION = YES;
				CLANG_WARN_OBJC_ROOT_CLASS = YES_ERROR;
				CLANG_WARN_QUOTED_INCLUDE_IN_FRAMEWORK_HEADER = YES;
				CLANG_WARN_RANGE_LOOP_ANALYSIS = YES;
				CLANG_WARN_STRICT_PROTOTYPES = YES;
				CLANG_WARN_SUSPICIOUS_MOVE = YES;
				CLANG_WARN_UNGUARDED_AVAILABILITY = YES_AGGRESSIVE;
				CLANG_WARN_UNREACHABLE_CODE = YES;
				CLANG_WARN__DUPLICATE_METHOD_MATCH = YES;
				COPY_PHASE_STRIP = NO;
				DEBUG_INFORMATION_FORMAT = dwarf;
				ENABLE_STRICT_OBJC_MSGSEND = YES;
				ENABLE_TESTABILITY = YES;
				ENABLE_USER_SCRIPT_SANDBOXING = NO;
				GCC_C_LANGUAGE_STANDARD = gnu17;
				GCC_DYNAMIC_NO_PIC = NO;
				GCC_NO_COMMON_BLOCKS = YES;
				GCC_OPTIMIZATION_LEVEL = 0;
				GCC_PREPROCESSOR_DEFINITIONS = (
					"DEBUG=1",
					"$(inherited)",
				);
				GCC_WARN_64_TO_32_BIT_CONVERSION = YES;
				GCC_WARN_ABOUT_RETURN_TYPE = YES_ERROR;
				GCC_WARN_UNDECLARED_SELECTOR = YES;
				GCC_WARN_UNINITIALIZED_AUTOS = YES_AGGRESSIVE;
				GCC_WARN_UNUSED_FUNCTION = YES;
				GCC_WARN_UNUSED_VARIABLE = YES;
				IPHONEOS_DEPLOYMENT_TARGET = 26.0;
				LOCALIZATION_PREFERS_STRING_CATALOGS = YES;
				MTL_ENABLE_DEBUG_INFO = INCLUDE_SOURCE;
				MTL_FAST_MATH = YES;
				ONLY_ACTIVE_ARCH = YES;
				SDKROOT = iphoneos;
				SWIFT_ACTIVE_COMPILATION_CONDITIONS = "DEBUG $(inherited)";
				SWIFT_OPTIMIZATION_LEVEL = "-Onone";
			};
			name = Debug;
		};
		A3AA415A2D4464B2005BA1D8 /* Release */ = {
			isa = XCBuildConfiguration;
			buildSettings = {
				ALWAYS_SEARCH_USER_PATHS = NO;
				ASSETCATALOG_COMPILER_GENERATE_SWIFT_ASSET_SYMBOL_EXTENSIONS = YES;
				CLANG_ANALYZER_NONNULL = YES;
				CLANG_ANALYZER_NUMBER_OBJECT_CONVERSION = YES_AGGRESSIVE;
				CLANG_CXX_LANGUAGE_STANDARD = "gnu++20";
				CLANG_ENABLE_MODULES = YES;
				CLANG_ENABLE_OBJC_ARC = YES;
				CLANG_ENABLE_OBJC_WEAK = YES;
				CLANG_WARN_BLOCK_CAPTURE_AUTORELEASING = YES;
				CLANG_WARN_BOOL_CONVERSION = YES;
				CLANG_WARN_COMMA = YES;
				CLANG_WARN_CONSTANT_CONVERSION = YES;
				CLANG_WARN_DEPRECATED_OBJC_IMPLEMENTATIONS = YES;
				CLANG_WARN_DIRECT_OBJC_ISA_USAGE = YES_ERROR;
				CLANG_WARN_DOCUMENTATION_COMMENTS = YES;
				CLANG_WARN_EMPTY_BODY = YES;
				CLANG_WARN_ENUM_CONVERSION = YES;
				CLANG_WARN_INFINITE_RECURSION = YES;
				CLANG_WARN_INT_CONVERSION = YES;
				CLANG_WARN_NON_LITERAL_NULL_CONVERSION = YES;
				CLANG_WARN_OBJC_IMPLICIT_RETAIN_SELF = YES;
				CLANG_WARN_OBJC_LITERAL_CONVERSION = YES;
				CLANG_WARN_OBJC_ROOT_CLASS = YES_ERROR;
				CLANG_WARN_QUOTED_INCLUDE_IN_FRAMEWORK_HEADER = YES;
				CLANG_WARN_RANGE_LOOP_ANALYSIS = YES;
				CLANG_WARN_STRICT_PROTOTYPES = YES;
				CLANG_WARN_SUSPICIOUS_MOVE = YES;
				CLANG_WARN_UNGUARDED_AVAILABILITY = YES_AGGRESSIVE;
				CLANG_WARN_UNREACHABLE_CODE = YES;
				CLANG_WARN__DUPLICATE_METHOD_MATCH = YES;
				COPY_PHASE_STRIP = NO;
				DEBUG_INFORMATION_FORMAT = "dwarf-with-dsym";
				ENABLE_NS_ASSERTIONS = NO;
				ENABLE_STRICT_OBJC_MSGSEND = YES;
				ENABLE_USER_SCRIPT_SANDBOXING = NO;
				GCC_C_LANGUAGE_STANDARD = gnu17;
				GCC_NO_COMMON_BLOCKS = YES;
				GCC_WARN_64_TO_32_BIT_CONVERSION = YES;
				GCC_WARN_ABOUT_RETURN_TYPE = YES_ERROR;
				GCC_WARN_UNDECLARED_SELECTOR = YES;
				GCC_WARN_UNINITIALIZED_AUTOS = YES_AGGRESSIVE;
				GCC_WARN_UNUSED_FUNCTION = YES;
				GCC_WARN_UNUSED_VARIABLE = YES;
				IPHONEOS_DEPLOYMENT_TARGET = 26.0;
				LOCALIZATION_PREFERS_STRING_CATALOGS = YES;
				MTL_ENABLE_DEBUG_INFO = NO;
				MTL_FAST_MATH = YES;
				SDKROOT = iphoneos;
				SWIFT_COMPILATION_MODE = wholemodule;
				VALIDATE_PRODUCT = YES;
			};
			name = Release;
		};
		A3AA415C2D4464B2005BA1D8 /* Debug */ = {
			isa = XCBuildConfiguration;
			baseConfigurationReference = C6A0740D26E5412319585BAA /* Pods-starving.debug.xcconfig */;
			buildSettings = {
				ASSETCATALOG_COMPILER_APPICON_NAME = AppIcon;
				ASSETCATALOG_COMPILER_GLOBAL_ACCENT_COLOR_NAME = AccentColor;
				ASSETCATALOG_COMPILER_INCLUDE_ALL_APPICON_ASSETS = NO;
				CODE_SIGN_ENTITLEMENTS = starving/starving.entitlements;
				CODE_SIGN_STYLE = Automatic;
				CURRENT_PROJECT_VERSION = 12;
				DEVELOPMENT_ASSET_PATHS = "\"starving/Preview Content\"";
				DEVELOPMENT_TEAM = F26L3GH72M;
				ENABLE_PREVIEWS = YES;
				GENERATE_INFOPLIST_FILE = NO;
				INFOPLIST_FILE = starving/Info.plist;
				IPHONEOS_DEPLOYMENT_TARGET = 26.0;
				LD_RUNPATH_SEARCH_PATHS = (
					"$(inherited)",
					"@executable_path/Frameworks",
				);
				MARKETING_VERSION = 2.1;
				PRODUCT_BUNDLE_IDENTIFIER = com.hvaandres.starving;
				PRODUCT_NAME = "$(TARGET_NAME)";
				SUPPORTED_PLATFORMS = "iphoneos iphonesimulator";
				SUPPORTS_MACCATALYST = NO;
				SUPPORTS_MAC_DESIGNED_FOR_IPHONE_IPAD = NO;
				SUPPORTS_XR_DESIGNED_FOR_IPHONE_IPAD = NO;
				SWIFT_EMIT_LOC_STRINGS = YES;
				SWIFT_VERSION = 5.0;
				TARGETED_DEVICE_FAMILY = 1;
			};
			name = Debug;
		};
		A3AA415D2D4464B2005BA1D8 /* Release */ = {
			isa = XCBuildConfiguration;
			baseConfigurationReference = A7F516E4E587C620AF32CB01 /* Pods-starving.release.xcconfig */;
			buildSettings = {
				ASSETCATALOG_COMPILER_APPICON_NAME = AppIcon;
				ASSETCATALOG_COMPILER_GLOBAL_ACCENT_COLOR_NAME = AccentColor;
				ASSETCATALOG_COMPILER_INCLUDE_ALL_APPICON_ASSETS = NO;
				CODE_SIGN_ENTITLEMENTS = starving/starving.entitlements;
				CODE_SIGN_STYLE = Automatic;
				CURRENT_PROJECT_VERSION = 12;
				DEVELOPMENT_ASSET_PATHS = "\"starving/Preview Content\"";
				DEVELOPMENT_TEAM = F26L3GH72M;
				ENABLE_PREVIEWS = YES;
				GENERATE_INFOPLIST_FILE = NO;
				INFOPLIST_FILE = starving/Info.plist;
				IPHONEOS_DEPLOYMENT_TARGET = 26.0;
				LD_RUNPATH_SEARCH_PATHS = (
					"$(inherited)",
					"@executable_path/Frameworks",
				);
				MARKETING_VERSION = 2.1;
				PRODUCT_BUNDLE_IDENTIFIER = com.hvaandres.starving;
				PRODUCT_NAME = "$(TARGET_NAME)";
				SUPPORTED_PLATFORMS = "iphoneos iphonesimulator";
				SUPPORTS_MACCATALYST = NO;
				SUPPORTS_MAC_DESIGNED_FOR_IPHONE_IPAD = NO;
				SUPPORTS_XR_DESIGNED_FOR_IPHONE_IPAD = NO;
				SWIFT_EMIT_LOC_STRINGS = YES;
				SWIFT_VERSION = 5.0;
				TARGETED_DEVICE_FAMILY = 1;
			};
			name = Release;
		};
/* End XCBuildConfiguration section */

/* Begin XCConfigurationList section */
		A3AA41482D4464B0005BA1D8 /* Build configuration list for PBXProject "starving" */ = {
			isa = XCConfigurationList;
			buildConfigurations = (
				A3AA41592D4464B2005BA1D8 /* Debug */,
				A3AA415A2D4464B2005BA1D8 /* Release */,
			);
			defaultConfigurationIsVisible = 0;
			defaultConfigurationName = Release;
		};
		A3AA415B2D4464B2005BA1D8 /* Build configuration list for PBXNativeTarget "starving" */ = {
			isa = XCConfigurationList;
			buildConfigurations = (
				A3AA415C2D4464B2005BA1D8 /* Debug */,
				A3AA415D2D4464B2005BA1D8 /* Release */,
			);
			defaultConfigurationIsVisible = 0;
			defaultConfigurationName = Release;
		};
/* End XCConfigurationList section */
	};
	rootObject = A3AA41452D4464B0005BA1D8 /* Project object */;
}
